{
  "version": 2,
  "dependencies": {
    "net10.0": {
      "AsyncFixer": {
        "type": "Direct",
        "requested": "[2.1.0, )",
        "resolved": "2.1.0",
        "contentHash": "OOHNlH7GF39qk0Pv4cIQWA99hUh3nujDgGE2nADPpw88lD7s2qwlxEhuJIBfstC8ng3B1yY6SQy2JW/tddlMAQ=="
      },
      "AwesomeAssertions": {
        "type": "Direct",
        "requested": "[9.6.0, )",
        "resolved": "9.6.0",
        "contentHash": "8kdtgI+tZIgP46ncnk650/dU4JSrn+n2Dkic8FvjIFn72P6Nv1Afyr5F8F3PsokHg1GBSBVo1/Z+eZOrU5esSA=="
      },
      "AwesomeAssertions.Analyzers": {
        "type": "Direct",
        "requested": "[9.0.8, )",
        "resolved": "9.0.8",
        "contentHash": "rjDBIQk8NA16LusDMh0XH1M9kZCwWdmP89pqLiv7caRzx+w68xAXUd0Za6ojwcDrEC+HSRPNBN8BFW1GnGTC7g=="
      },
      "AwesomeAssertions.Json": {
        "type": "Direct",
        "requested": "[9.0.0, )",
        "resolved": "9.0.0",
        "contentHash": "h8xOiCwdKP45ezx9l2zwHNZm0YC0jambOQUKBz9aM9KPkuVingkM0DIOMTegS8o4RIJyvUfCTkvsVrK7dUqb+g==",
        "dependencies": {
          "AwesomeAssertions": "9.0.0",
          "Newtonsoft.Json": "13.0.1"
        }
      },
      "Bogus": {
        "type": "Direct",
        "requested": "[35.6.5, )",
        "resolved": "35.6.5",
        "contentHash": "2FGZn+aAVHjmCgClgmGkTDBVZk0zkLvAKGaxEf5JL6b3i9JbHTE4wnuY4vHCuzlCmJdU6VZjgDfHwmYkQF8VAA=="
      },
      "DeepCloner": {
        "type": "Direct",
        "requested": "[0.10.4, )",
        "resolved": "0.10.4",
        "contentHash": "z8ASd9bjXkVjcnIrwUKrxb/bPi/gvG5NX3nv7MHK/5QrlYwbK7N5ZTDNaYXQ5qunaUCMGN0UHdgkNARIEBTEyA==",
        "dependencies": {
          "NETStandard.Library": "1.6.1"
        }
      },
      "ErrorProne.NET.CoreAnalyzers": {
        "type": "Direct",
        "requested": "[0.1.2, )",
        "resolved": "0.1.2",
        "contentHash": "RQdzUtFVhwLwisP2Du7Ugm7ldwAzc+QJrlZWNIwHXcgq4b5fLwZgdN1203RdYiHS8OOALophC6yWekxu3UgN2g=="
      },
      "JetBrains.Annotations": {
        "type": "Direct",
        "requested": "[2026.2.0, )",
        "resolved": "2026.2.0",
        "contentHash": "drvAEaI7Xf4wU6dx4UTB9MoZWXZlraaQ0qoeThPQ411FxNhId7QdUTukIC9I8aUHP0ycAaGwZNKqSvfOZQvUlg=="
      },
      "Meziantou.Analyzer": {
        "type": "Direct",
        "requested": "[3.0.290, )",
        "resolved": "3.0.290",
        "contentHash": "vdSXgMEPil67EFwkcicjSCMnB7TdhUNiR1Fjw1P8MN+UeX6yP8wTb7cNT20H/ejHuUxkrxQS1Rz4QcJuMLmCkA=="
      },
      "Microsoft.CodeAnalysis.BannedApiAnalyzers": {
        "type": "Direct",
        "requested": "[5.6.0, )",
        "resolved": "5.6.0",
        "contentHash": "Kcobt3pnOdO0A+6CKiMHZdTEluJpsfxiV20axtZdmfBQnDmiWTKPJADlgAfdTuKNAnVarrkJa0UEGwuOo91muw=="
      },
      "Microsoft.CodeAnalysis.ResxSourceGenerator": {
        "type": "Direct",
        "requested": "[5.0.0-1.25277.114, )",
        "resolved": "5.0.0-1.25277.114",
        "contentHash": "tgmnwUv1iqiQFVp1hVRDR9mUy9/i6BS75l9FkFD/T76aAlU1XEjVYsS0Jkz/nbQg+vVvyxgglDhiOXwAvoIvMg=="
      },
      "Microsoft.Extensions.TimeProvider.Testing": {
        "type": "Direct",
        "requested": "[10.10.0, )",
        "resolved": "10.10.0",
        "contentHash": "8duZdxuO3Oo8tlyQXVq1drXee6GJC9DjUU97Pq3YaIqf92jrAHsWxbbRKwvjQI48Mer3IANwUKF0elqvHeY4Rw=="
      },
      "Microsoft.Sbom.Targets": {
        "type": "Direct",
        "requested": "[4.1.13, 4.1.13]",
        "resolved": "4.1.13",
        "contentHash": "l9NiCqVmBBY06Lrxv61xWtiLvU1feto6j7QmMsaARBopO+QLTFDFLEIbYe8pYGjk1INJ2eWE/GGjToqQpokYAw=="
      },
      "Microsoft.Testing.Extensions.CodeCoverage": {
        "type": "Direct",
        "requested": "[18.11.2, 18.11.2]",
        "resolved": "18.11.2",
        "contentHash": "bT6awBEUR+fjPpeLAN++4qx5q0sgA9SeJt6QfijnFFPxNSr68BYsYFMQH8L8kY6vMJd3fuvFAFBht4JtWQcWtQ==",
        "dependencies": {
          "Microsoft.DiaSymReader": "2.2.10",
          "Microsoft.Extensions.DependencyModel": "10.0.10",
          "Microsoft.Testing.Platform": "2.4.0"
        }
      },
      "Microsoft.Testing.Extensions.CrashDump": {
        "type": "Direct",
        "requested": "[2.4.1, 2.4.1]",
        "resolved": "2.4.1",
        "contentHash": "HwfdRV4Qk8xRcWo8b/m1MG4j+J7AAmqu3Xn+xZc3rVACDSJge9OfBp+f3O/zW8nkKtDves+7SG9a/DY4Ml00xA==",
        "dependencies": {
          "Microsoft.Testing.Extensions.TrxReport.Abstractions": "2.4.1",
          "Microsoft.Testing.Platform": "[2.4.1, 3.0.0)"
        }
      },
      "Microsoft.Testing.Extensions.GitHubActionsReport": {
        "type": "Direct",
        "requested": "[2.4.1, )",
        "resolved": "2.4.1",
        "contentHash": "YxEopj6xrG5Lk8OkRZri3E89DUHTA3ux0pAcMy74izHtUZtGCBgQuTm/EmVFpKQvrZtRNMMXUMht3GW0V4mXZg==",
        "dependencies": {
          "Microsoft.Testing.Platform": "[2.4.1, 3.0.0)"
        }
      },
      "Microsoft.Testing.Extensions.HangDump": {
        "type": "Direct",
        "requested": "[2.4.1, 2.4.1]",
        "resolved": "2.4.1",
        "contentHash": "ViQa60PnKgnHsWI66CGPeYv71RSs1e1e6XJgNbP+aD+uaJMJ6jn6t+6/14OVvPC9luVtJwqWyvdJW942mSxQHg==",
        "dependencies": {
          "Microsoft.Diagnostics.NETCore.Client": "0.2.607501",
          "Microsoft.Testing.Platform": "[2.4.1, 3.0.0)"
        }
      },
      "Microsoft.Testing.Extensions.HotReload": {
        "type": "Direct",
        "requested": "[2.4.1, 2.4.1]",
        "resolved": "2.4.1",
        "contentHash": "eT34KHIt+KCtCjkvdglvfjuqrJmHV6v3840M10DKd93InGMcX/vm6ZLpZCDp7yyP+61/nuW0LJKB/LwBXDSq3w==",
        "dependencies": {
          "Microsoft.Testing.Platform": "[2.4.1, 3.0.0)"
        }
      },
      "Microsoft.Testing.Extensions.Retry": {
        "type": "Direct",
        "requested": "[2.4.1, 2.4.1]",
        "resolved": "2.4.1",
        "contentHash": "dmLu2ZQtZT2yMCRI+5Yth2K5ZiswlE9M0fKGqFf26uX+gUs+ABwmqeJ1DijSF9cv8xaewPaoK7bv8Pnca26QEg==",
        "dependencies": {
          "Microsoft.Testing.Platform": "[2.4.1, 3.0.0)"
        }
      },
      "Microsoft.Testing.Extensions.TrxReport": {
        "type": "Direct",
        "requested": "[2.4.1, 2.4.1]",
        "resolved": "2.4.1",
        "contentHash": "KGAvJKRqhod45ecH4L1cCKIjGrzziUcLo3L4hRlfOg/Ww2Q7MnA30qHY2rnKzGyLVWf91tc2VleGe8c33FmPaQ==",
        "dependencies": {
          "Microsoft.Testing.Extensions.TrxReport.Abstractions": "2.4.1",
          "Microsoft.Testing.Platform": "[2.4.1, 3.0.0)"
        }
      },
      "Microsoft.VisualStudio.Threading.Analyzers": {
        "type": "Direct",
        "requested": "[18.7.23, )",
        "resolved": "18.7.23",
        "contentHash": "dyj6z8m+LFjpeH69hdnciCcRCmD0YgMlvuQEywiEshjqj/blgQ+PuWX8Vd5gkWQFoBN4e+TFxx6DvGNSv/gIKg=="
      },
      "NSubstitute": {
        "type": "Direct",
        "requested": "[6.2.0, )",
        "resolved": "6.2.0",
        "contentHash": "05oaAmBAvYYUQb/NTb9/kWBDjq0iS772X4t428WJcHRcH+5ULJx6rTbEvqkZJBIHWRLI8MlU3et3F5/gkEHKIw==",
        "dependencies": {
          "Castle.Core": "5.1.1"
        }
      },
      "NSubstitute.Analyzers.CSharp": {
        "type": "Direct",
        "requested": "[1.0.17, )",
        "resolved": "1.0.17",
        "contentHash": "Pwz0MD7CAM/G/fvJjM3ceOfI+S0IgjanHcK7evwyrW9qAWUG8fgiEXYfSX1/s3h2JUNDOw6ik0G8zp+RT61Y1g=="
      },
      "ReflectionAnalyzers": {
        "type": "Direct",
        "requested": "[0.3.1, )",
        "resolved": "0.3.1",
        "contentHash": "Q7N3nziye+vGsDPcrKrPFjlaFhrM+1adtJcpjFeq4ufBB+uKc4kRezSK03382xpE8iNQbiRHUl+z31NW0W18FQ=="
      },
      "Roslynator.Analyzers": {
        "type": "Direct",
        "requested": "[5.0.0, )",
        "resolved": "5.0.0",
        "contentHash": "+J5kR/naCd62IwY2BG9P0QoHnJM8liBUFFAk6jga1t9s61JC3M+ofb3AY3wc73/pdROyKFCURqctQh8WRCIT/w=="
      },
      "Roslynator.Formatting.Analyzers": {
        "type": "Direct",
        "requested": "[5.0.0, )",
        "resolved": "5.0.0",
        "contentHash": "0gs34JcWtDbPjBhF93RSDRx4Cj7DVFOshMMdQR6ABJkEO1cewK2qZl2y2VnIsC0/JoWOyZVrZfVEwQK8UiNXLw=="
      },
      "SerilogAnalyzer": {
        "type": "Direct",
        "requested": "[0.15.0, )",
        "resolved": "0.15.0",
        "contentHash": "sVpwfls4MfNnwIXLSGCgaUnV+c9kgJ8ia6GsyRcpd4Vs3gLogSDtSYBYrre2K2u/PNMo8GgG09RehwVnze70Tw=="
      },
      "SmartAnalyzers.MultithreadingAnalyzer": {
        "type": "Direct",
        "requested": "[1.1.31, )",
        "resolved": "1.1.31",
        "contentHash": "2f2k7bbhDd132ArglCKpzKoWBcp3uzbIFcb4aosnlqIKlfYKDE2HevBVRNVa+LkWFnjXFFWs47Bo96fu8iS//Q=="
      },
      "xunit.v3.mtp-v2": {
        "type": "Direct",
        "requested": "[4.0.1, )",
        "resolved": "4.0.1",
        "contentHash": "s88KiWwDDYgOWV3A+ViJiqCe9cLU/Rt6Gb5TfOC7Abv/HKSoj4IHVPcOQk7jPt7HhZHHEts5IuaVpB30eO5B1w==",
        "dependencies": {
          "xunit.analyzers": "2.1.0",
          "xunit.v3.assert": "[4.0.1]",
          "xunit.v3.core.mtp-v2": "[4.0.1]"
        }
      },
      "Castle.Core": {
        "type": "Transitive",
        "resolved": "5.1.1",
        "contentHash": "rpYtIczkzGpf+EkZgDr9CClTdemhsrwA/W5hMoPjLkRFnXzH44zDLoovXeKtmxb1ykXK9aJVODSpiJml8CTw2g=="
      },
      "Microsoft.ApplicationInsights": {
        "type": "Transitive",
        "resolved": "2.23.0",
        "contentHash": "nWArUZTdU7iqZLycLKWe0TDms48KKGE6pONH2terYNa8REXiqixrMOkf1sk5DHGMaUTqONU2YkS4SAXBhLStgw=="
      },
      "Microsoft.Bcl.AsyncInterfaces": {
        "type": "Transitive",
        "resolved": "6.0.0",
        "contentHash": "UcSjPsst+DfAdJGVDsu346FX0ci0ah+lw3WRtn18NUwEqRt70HaOQ7lI72vy3+1LxtqI3T5GWwV39rQSrCzAeg=="
      },
      "Microsoft.Diagnostics.NETCore.Client": {
        "type": "Transitive",
        "resolved": "0.2.607501",
        "contentHash": "17Yxzao41A1oZZ5lCCAnnXOy9up5i/GVEGazBjJAUZ4UISsNAotUt6h7zvCDgfKIC46CD7jszgLzLZoscSIJQA=="
      },
      "Microsoft.DiaSymReader": {
        "type": "Transitive",
        "resolved": "2.2.10",
        "contentHash": "zmGsm6b2y3STDa/Of7rdkkfTDV8VuGB8aCqIkLoJIQh5tL78K3zJ8OUyFKnfsaORXmGr9iOKwDkZfUjeXi+CwA=="
      },
      "Microsoft.Extensions.DependencyModel": {
        "type": "Transitive",
        "resolved": "10.0.10",
        "contentHash": "rfZA1RjR021RPqSmIPovfz2aOd79TGqJ9BengbjnzIISOVwjLmuSDnhCMmiY/1c6iYvGolQ1iNGzkav0u11XEA=="
      },
      "Microsoft.NETCore.Platforms": {
        "type": "Transitive",
        "resolved": "1.1.0",
        "contentHash": "kz0PEW2lhqygehI/d6XsPCQzD7ff7gUJaVGPVETX611eadGsA3A877GdSlU0LRVMCTH/+P3o2iDTak+S08V2+A=="
      },
      "Microsoft.Testing.Extensions.Telemetry": {
        "type": "Transitive",
        "resolved": "2.4.0",
        "contentHash": "JeP1RFqBa11fWmBk8xEfZcMKr4rxWSyI6OZ+659V069CaMkTEOQBW2UdSSeNz3absOsygcn7JJkzerC4LGnZ9w==",
        "dependencies": {
          "Microsoft.ApplicationInsights": "2.23.0",
          "Microsoft.Testing.Platform": "[2.4.0, 3.0.0)"
        }
      },
      "Microsoft.Testing.Extensions.TrxReport.Abstractions": {
        "type": "Transitive",
        "resolved": "2.4.1",
        "contentHash": "tDxLLic2IfeChbyo8oeGZj/eBdFpPe3Dp80hUoIOefSCqqMHbsob+lX1TfFWV75PJCPouxj2zz0zzPHZxiM4nQ==",
        "dependencies": {
          "Microsoft.Testing.Platform": "[2.4.1, 3.0.0)"
        }
      },
      "Microsoft.Testing.Platform": {
        "type": "Transitive",
        "resolved": "2.4.1",
        "contentHash": "3nW9NyhN1BnHRF994DCOOUQCqVA9pDT+gPpbuhI/xUntZnGnXO4ySovKxFlFuoT/48pnI74LK/DeKVlve1L3VQ=="
      },
      "Microsoft.Testing.Platform.MSBuild": {
        "type": "Transitive",
        "resolved": "2.4.0",
        "contentHash": "qr5M6h16YHMJLFDcWELFVMMpGte2BUmveBZKT5YoBV+bmuJRPu9bv/Zqke4yQuOEKRNxoAETrG5jr+/6Rnr3Hg==",
        "dependencies": {
          "Microsoft.Testing.Platform": "[2.4.0, 3.0.0)"
        }
      },
      "Microsoft.Win32.Registry": {
        "type": "Transitive",
        "resolved": "5.0.0",
        "contentHash": "dDoKi0PnDz31yAyETfRntsLArTlVAVzUzCIvvEDsDsucrl33Dl8pIJG06ePTJTI3tGpeyHS9Cq7Foc/s4EeKcg=="
      },
      "NETStandard.Library": {
        "type": "Transitive",
        "resolved": "1.6.1",
        "contentHash": "WcSp3+vP+yHNgS8EV5J7pZ9IRpeDuARBPN28by8zqff1wJQXm26PVU8L3/fYLBJVU7BtDyqNVWq2KlCVvSSR4A==",
        "dependencies": {
          "Microsoft.NETCore.Platforms": "1.1.0"
        }
      },
      "Nito.AsyncEx.Context": {
        "type": "Transitive",
        "resolved": "5.1.2",
        "contentHash": "rMwL7Nj3oNyvFu/jxUzQ/YBobEkM2RQHe+5mpCDRyq6mfD7vCj7Z3rjB6XgpM6Mqcx1CA2xGv0ascU/2Xk8IIg==",
        "dependencies": {
          "Nito.AsyncEx.Tasks": "5.1.2"
        }
      },
      "Nito.AsyncEx.Coordination": {
        "type": "Transitive",
        "resolved": "5.1.2",
        "contentHash": "QMyUfsaxov//0ZMbOHWr9hJaBFteZd66DV1ay4J5wRODDb8+K/uHC7+3VsOflo6SVw/29mu8OWZp8vMDSuzc0w==",
        "dependencies": {
          "Nito.AsyncEx.Tasks": "5.1.2",
          "Nito.Collections.Deque": "1.1.1"
        }
      },
      "Nito.AsyncEx.Interop.WaitHandles": {
        "type": "Transitive",
        "resolved": "5.1.2",
        "contentHash": "qym29lFBCSIacKvFcJDW+beXzuO+6y9lWdd1KecxzzAqtNuvlYgNPwIsxwdhEINLhTT4aDuCM3JalpUZYWI51Q==",
        "dependencies": {
          "Nito.AsyncEx.Tasks": "5.1.2"
        }
      },
      "Nito.AsyncEx.Oop": {
        "type": "Transitive",
        "resolved": "5.1.2",
        "contentHash": "MxQl/NFoPgMApyjbB2fSZBrjdf9r6ODd/BTrWLyJKYX6UeNfw0Ocr0cPiTg2LRN0Ayud8Gj4dh67AdasNn709Q==",
        "dependencies": {
          "Nito.AsyncEx.Coordination": "5.1.2"
        }
      },
      "Nito.AsyncEx.Tasks": {
        "type": "Transitive",
        "resolved": "5.1.2",
        "contentHash": "jEkCfR2/M26OK/U4G7SEN063EU/F4LiVA06TtpZILMdX/quIHCg+wn31Zerl2LC+u1cyFancjTY3cNAr2/89PA==",
        "dependencies": {
          "Nito.Disposables": "2.2.1"
        }
      },
      "Nito.Cancellation": {
        "type": "Transitive",
        "resolved": "1.1.2",
        "contentHash": "Z+SZKp0KxMC6tEVbXe8ah4pBJadyqP0pObQMaZcBavhIDEIsGuxt7PL+B9AiNJD3Ni5VgnZsnii5HPJgVDE81w==",
        "dependencies": {
          "Nito.Disposables": "2.2.1"
        }
      },
      "Nito.Collections.Deque": {
        "type": "Transitive",
        "resolved": "1.1.1",
        "contentHash": "CU0/Iuv5VDynK8I8pDLwkgF0rZhbQoZahtodfL0M3x2gFkpBRApKs8RyMyNlAi1mwExE4gsmqQXk4aFVvW9a4Q=="
      },
      "System.Security.AccessControl": {
        "type": "Transitive",
        "resolved": "6.0.1",
        "contentHash": "IQ4NXP/B3Ayzvw0rDQzVTYsCKyy0Jp9KI6aYcK7UnGVlR9+Awz++TIPCQtPYfLJfOpm8ajowMR09V7quD3sEHw=="
      },
      "xunit.analyzers": {
        "type": "Transitive",
        "resolved": "2.1.0",
        "contentHash": "X7QXEcZQGz0G/HL4HUyK+aAvNa/IMGbOCnFIq4jD/Evktq12xANKwzOUr7b08vCmC1LXu/47qHWOdjm3KfaJ0A=="
      },
      "xunit.v3.common": {
        "type": "Transitive",
        "resolved": "4.0.1",
        "contentHash": "Qf25TVdadDQYf9zVxSd7L9RNQhuP0jCUHmo96XTmIKLxGefylIEV63jRbXBPFzdXmV09TCdcurk+AQ9LiWS2Hg==",
        "dependencies": {
          "Microsoft.Bcl.AsyncInterfaces": "6.0.0"
        }
      },
      "xunit.v3.core.mtp-v2": {
        "type": "Transitive",
        "resolved": "4.0.1",
        "contentHash": "7qfTfrIfS2wybpSVyRLmhXHbSudD2eNw66LfukixmKsRCTcfvOrLsx0qGL/lObcEh3Z2F4SIXgoFnLIiB8yfjQ==",
        "dependencies": {
          "Microsoft.Testing.Extensions.Telemetry": "2.4.0",
          "Microsoft.Testing.Extensions.TrxReport.Abstractions": "2.4.0",
          "Microsoft.Testing.Platform": "2.4.0",
          "Microsoft.Testing.Platform.MSBuild": "2.4.0",
          "xunit.v3.extensibility.core": "[4.0.1]",
          "xunit.v3.runner.inproc.console": "[4.0.1]"
        }
      },
      "xunit.v3.runner.common": {
        "type": "Transitive",
        "resolved": "4.0.1",
        "contentHash": "p9AyfBpj2e5Iws8B57SbLiSngg7mEdvegHInKR4T2cjt2mis9h8htVgCnmu//agZO4zri6p6VQOj5EkHHTy3gA==",
        "dependencies": {
          "Microsoft.Win32.Registry": "[5.0.0]",
          "System.Security.AccessControl": "[6.0.1]",
          "xunit.v3.common": "[4.0.1]"
        }
      },
      "xunit.v3.runner.inproc.console": {
        "type": "Transitive",
        "resolved": "4.0.1",
        "contentHash": "Hqwfd6ehMIhPmVWUQ2dgmknzuLFTWeyp8ES1q3D4YR5bQVyiXDcaIoaFwqAz2zgLr49WaW4Mz7VVncP7u/Q8/Q==",
        "dependencies": {
          "xunit.v3.extensibility.core": "[4.0.1]",
          "xunit.v3.runner.common": "[4.0.1]"
        }
      },
      "headless.caching": {
        "type": "Project",
        "dependencies": {
          "Headless.Caching.Abstractions": "[1.0.0, )",
          "Headless.Extensions": "[1.0.0, )",
          "Headless.Serializer.Abstractions": "[1.0.0, )",
          "OpenTelemetry.Api": "[1.19.1, )"
        }
      },
      "headless.caching.abstractions": {
        "type": "Project",
        "dependencies": {
          "Headless.Checks": "[1.0.0, )",
          "Headless.Primitives": "[1.0.0, )"
        }
      },
      "headless.caching.hybrid": {
        "type": "Project",
        "dependencies": {
          "Headless.Caching": "[1.0.0, )",
          "Headless.Caching.Abstractions": "[1.0.0, )",
          "Headless.Hosting": "[1.0.0, )",
          "Headless.Messaging.Abstractions": "[1.0.0, )",
          "Headless.Messaging.Bus.Abstractions": "[1.0.0, )"
        }
      },
      "headless.caching.hybrid.tests.harness": {
        "type": "Project",
        "dependencies": {
          "AwesomeAssertions": "[9.6.0, )",
          "AwesomeAssertions.Json": "[9.0.0, )",
          "Bogus": "[35.6.5, )",
          "DeepCloner": "[0.10.4, )",
          "Headless.Caching.Hybrid": "[1.0.0, )",
          "Headless.Caching.InMemory": "[1.0.0, )",
          "Headless.Messaging.Bus.Abstractions": "[1.0.0, )",
          "Headless.Testing": "[1.0.0, )",
          "NSubstitute": "[6.2.0, )"
        }
      },
      "headless.caching.inmemory": {
        "type": "Project",
        "dependencies": {
          "Headless.Caching": "[1.0.0, )",
          "Headless.Caching.Abstractions": "[1.0.0, )",
          "Headless.Hosting": "[1.0.0, )"
        }
      },
      "headless.caching.outputcache": {
        "type": "Project",
        "dependencies": {
          "Headless.Caching": "[1.0.0, )",
          "Headless.Caching.Abstractions": "[1.0.0, )",
          "Headless.Hosting": "[1.0.0, )"
        }
      },
      "headless.checks": {
        "type": "Project"
      },
      "headless.context.abstractions": {
        "type": "Project",
        "dependencies": {
          "Headless.Checks": "[1.0.0, )",
          "Headless.Primitives": "[1.0.0, )"
        }
      },
      "headless.extensions": {
        "type": "Project",
        "dependencies": {
          "Headless.Checks": "[1.0.0, )",
          "Headless.Generator.Primitives.Abstractions": "[1.0.0, )",
          "Headless.Primitives": "[1.0.0, )",
          "Headless.Urls": "[1.0.0, )",
          "Nito.AsyncEx": "[5.1.2, )",
          "Nito.Disposables": "[2.5.0, )"
        }
      },
      "headless.fluentvalidation": {
        "type": "Project",
        "dependencies": {
          "FluentValidation": "[12.1.1, )",
          "Headless.Extensions": "[1.0.0, )"
        }
      },
      "headless.generator.primitives.abstractions": {
        "type": "Project"
      },
      "headless.hosting": {
        "type": "Project",
        "dependencies": {
          "Headless.Checks": "[1.0.0, )",
          "Headless.Extensions": "[1.0.0, )",
          "Headless.FluentValidation": "[1.0.0, )",
          "OpenTelemetry.Api": "[1.19.1, )"
        }
      },
      "headless.messaging.abstractions": {
        "type": "Project",
        "dependencies": {
          "Headless.Checks": "[1.0.0, )",
          "Headless.Reliability.Abstractions": "[1.0.0, )",
          "Headless.UnitOfWork.Abstractions": "[1.0.0, )"
        }
      },
      "headless.messaging.bus.abstractions": {
        "type": "Project",
        "dependencies": {
          "Headless.Messaging.Abstractions": "[1.0.0, )"
        }
      },
      "headless.multitenancy.abstractions": {
        "type": "Project",
        "dependencies": {
          "Headless.Extensions": "[1.0.0, )",
          "Headless.Primitives": "[1.0.0, )"
        }
      },
      "headless.primitives": {
        "type": "Project",
        "dependencies": {
          "Headless.Checks": "[1.0.0, )",
          "Headless.Generator.Primitives.Abstractions": "[1.0.0, )"
        }
      },
      "headless.reliability.abstractions": {
        "type": "Project",
        "dependencies": {
          "Headless.Checks": "[1.0.0, )"
        }
      },
      "headless.security.abstractions": {
        "type": "Project",
        "dependencies": {
          "Headless.Checks": "[1.0.0, )"
        }
      },
      "headless.serializer.abstractions": {
        "type": "Project"
      },
      "headless.testing": {
        "type": "Project",
        "dependencies": {
          "AwesomeAssertions": "[9.6.0, )",
          "Bogus": "[35.6.5, )",
          "Headless.Context.Abstractions": "[1.0.0, )",
          "Headless.Extensions": "[1.0.0, )",
          "Headless.MultiTenancy.Abstractions": "[1.0.0, )",
          "Headless.Security.Abstractions": "[1.0.0, )",
          "Meziantou.Extensions.Logging.Xunit.v3": "[3.0.7, )",
          "Microsoft.Extensions.TimeProvider.Testing": "[10.10.0, )",
          "xunit.v3.extensibility.core": "[4.0.1, )"
        }
      },
      "headless.unitofwork.abstractions": {
        "type": "Project",
        "dependencies": {
          "Headless.Checks": "[1.0.0, )"
        }
      },
      "headless.urls": {
        "type": "Project",
        "dependencies": {
          "Headless.Checks": "[1.0.0, )"
        }
      },
      "FluentValidation": {
        "type": "CentralTransitive",
        "requested": "[12.1.1, )",
        "resolved": "12.1.1",
        "contentHash": "EPpkIe1yh1a0OXyC100oOA8WMbZvqUu5plwhvYcb7oSELfyUZzfxV48BLhvs3kKo4NwG7MGLNgy1RJiYtT8Dpw=="
      },
      "Meziantou.Extensions.Logging.Xunit.v3": {
        "type": "CentralTransitive",
        "requested": "[3.0.7, )",
        "resolved": "3.0.7",
        "contentHash": "47mt0RhK9V2Er0imEuHpqdN0tqRGfJPSEoYzMpB7JJMyuGUy0ZMhaFTv1zzutQ7TBPR2aU9Ac1VGpyvCjeZFig==",
        "dependencies": {
          "xunit.v3.extensibility.core": "4.0.0"
        }
      },
      "Newtonsoft.Json": {
        "type": "CentralTransitive",
        "requested": "[13.0.4, )",
        "resolved": "13.0.4",
        "contentHash": "pdgNNMai3zv51W5aq268sujXUyx7SNdE2bj1wZcWjAQrKMFZV260lbqYop1d2GM67JI1huLRwxo9ZqnfF/lC6A=="
      },
      "Nito.AsyncEx": {
        "type": "CentralTransitive",
        "requested": "[5.1.2, )",
        "resolved": "5.1.2",
        "contentHash": "hq+N63M/2znx2z1VzvPDHNg+HIWKdIloEZre+P7E0O+2iRf1Q4HBOgeiJU6SzFD/fWoyKyKSSSrekk4RgiXaeQ==",
        "dependencies": {
          "Nito.AsyncEx.Context": "5.1.2",
          "Nito.AsyncEx.Coordination": "5.1.2",
          "Nito.AsyncEx.Interop.WaitHandles": "5.1.2",
          "Nito.AsyncEx.Oop": "5.1.2",
          "Nito.AsyncEx.Tasks": "5.1.2",
          "Nito.Cancellation": "1.1.2"
        }
      },
      "Nito.Disposables": {
        "type": "CentralTransitive",
        "requested": "[2.5.0, )",
        "resolved": "2.5.0",
        "contentHash": "l0OuzZ2T/botMbOvPGY6yp3v+69aMrt+wzST/tFdGnHEFVXbbdOFxu3bfo9XH1N1H0LCQlA3RmFvlPO8zA+faw=="
      },
      "OpenTelemetry.Api": {
        "type": "CentralTransitive",
        "requested": "[1.19.1, )",
        "resolved": "1.19.1",
        "contentHash": "9JKIH+xrV0HNTFjQC8zrx9gZpDOMEljN5Htg/U0VE2IvO3N+7bKALCCsGy5tp09marX5dd8UkrgQFoLaulIBRw=="
      },
      "xunit.v3.assert": {
        "type": "CentralTransitive",
        "requested": "[4.0.1, )",
        "resolved": "4.0.1",
        "contentHash": "nC7d3cY06Oo7hkdwWPZkBR0Ud75xNhgx0P7i0GmMMZC3puCGlc4szFiT30biH03IN/eDnr8h+nv3A1UD17bk/A=="
      },
      "xunit.v3.extensibility.core": {
        "type": "CentralTransitive",
        "requested": "[4.0.1, )",
        "resolved": "4.0.1",
        "contentHash": "J0d5OfFcp920nZxCRIvU14+TZhiSPQR0wvqEMZ3MRiJLPu1VmYlcRNkmcSW0i1DwkB81gAHc+fHUQf/cU64MYg==",
        "dependencies": {
          "xunit.v3.common": "[4.0.1]"
        }
      }
    }
  }
}