{
  "version": 1,
  "dependencies": {
    "net10.0": {
      "Headless.Messaging.Core": {
        "type": "Direct",
        "requested": "[0.11.0, )",
        "resolved": "0.11.0",
        "contentHash": "oXjCuJ1LYXj7uLK6DA5y76VK/M2kItMWJF25dhmdNcmIHnrJNToCkyTz3n+xhEGvjNlOO7jHEnHhgL/2lE6FqQ==",
        "dependencies": {
          "CommunityToolkit.HighPerformance": "8.4.2",
          "FastExpressionCompiler": "5.4.1",
          "FluentValidation": "12.1.1",
          "Headless.CommitCoordination.Abstractions": "0.11.0",
          "Headless.Coordination.Abstractions": "0.11.0",
          "Headless.Coordination.Core": "0.11.0",
          "Headless.Core": "0.11.0",
          "Headless.DistributedLocks.Abstractions": "0.11.0",
          "Headless.Extensions": "0.11.0",
          "Headless.Hosting": "0.11.0",
          "Headless.Messaging.Abstractions": "0.11.0",
          "Headless.Messaging.Bus.Abstractions": "0.11.0",
          "Headless.Messaging.Queue.Abstractions": "0.11.0",
          "Headless.MultiTenancy": "0.11.0",
          "Humanizer.Core": "3.0.10",
          "Microsoft.Bcl.TimeProvider": "10.0.9",
          "Nito.AsyncEx": "5.1.2",
          "Nito.Disposables": "2.5.0",
          "Polly.Core": "8.7.0",
          "Snappier": "1.3.1",
          "System.Reactive": "6.1.0",
          "TimeZoneConverter": "7.2.0",
          "libphonenumber-csharp": "9.0.34",
          "morelinq": "4.4.0"
        }
      },
      "Headless.Messaging.Nats": {
        "type": "Direct",
        "requested": "[0.11.0, )",
        "resolved": "0.11.0",
        "contentHash": "ZqgT4nOU6iv2KiP/cWPdbWCMxC5S8jLPC9J5GvmsfFXMCahb8wrWikMT0YtU570ckGIBwN6tG1KBOlEb5YUz4g==",
        "dependencies": {
          "CommunityToolkit.HighPerformance": "8.4.2",
          "FastExpressionCompiler": "5.4.1",
          "FluentValidation": "12.1.1",
          "Headless.Messaging.Bus.Abstractions": "0.11.0",
          "Headless.Messaging.Core": "0.11.0",
          "Headless.Messaging.Queue.Abstractions": "0.11.0",
          "Humanizer.Core": "3.0.10",
          "Microsoft.Bcl.TimeProvider": "10.0.9",
          "NATS.Net": "2.8.2",
          "Nito.AsyncEx": "5.1.2",
          "Nito.Disposables": "2.5.0",
          "Polly.Core": "8.7.0",
          "Snappier": "1.3.1",
          "System.Reactive": "6.1.0",
          "TimeZoneConverter": "7.2.0",
          "libphonenumber-csharp": "9.0.34",
          "morelinq": "4.4.0"
        }
      },
      "Headless.Messaging.Redis": {
        "type": "Direct",
        "requested": "[0.11.0, )",
        "resolved": "0.11.0",
        "contentHash": "/ZvYU2+r8IVEqqTvzBFiI3FxL9+V0Hlw/xqw9xiEAkCuKsZhXELqzL9BbjBBuWVwHgBI5Clk6BZrm9uxPj64AQ==",
        "dependencies": {
          "CommunityToolkit.HighPerformance": "8.4.2",
          "FastExpressionCompiler": "5.4.1",
          "FluentValidation": "12.1.1",
          "Headless.Messaging.Bus.Abstractions": "0.11.0",
          "Headless.Messaging.Core": "0.11.0",
          "Headless.Messaging.Queue.Abstractions": "0.11.0",
          "Humanizer.Core": "3.0.10",
          "Microsoft.Bcl.TimeProvider": "10.0.9",
          "Nito.AsyncEx": "5.1.2",
          "Nito.Disposables": "2.5.0",
          "Polly.Core": "8.7.0",
          "Snappier": "1.3.1",
          "StackExchange.Redis": "3.0.11",
          "System.Reactive": "6.1.0",
          "TimeZoneConverter": "7.2.0",
          "libphonenumber-csharp": "9.0.34",
          "morelinq": "4.4.0"
        }
      },
      "CommunityToolkit.HighPerformance": {
        "type": "Transitive",
        "resolved": "8.4.2",
        "contentHash": "2hmtrrU18x6NL3mbuAqwy0KpnoEEJOuK6sH5RKQfD/jHijn2pqvqBUC7WGy9dgNBL9BDA7eOC0kirsNPMp2f4Q=="
      },
      "FastExpressionCompiler": {
        "type": "Transitive",
        "resolved": "5.4.1",
        "contentHash": "nqMykMspK5cQd35Y8ulQzAujxCcCwZVUne32pC5xNpXqrbPCuKOPMWkKHJ3LveAZPm6dsVvump0TJ1SZ9RzfTQ=="
      },
      "FluentValidation": {
        "type": "Transitive",
        "resolved": "12.1.1",
        "contentHash": "EPpkIe1yh1a0OXyC100oOA8WMbZvqUu5plwhvYcb7oSELfyUZzfxV48BLhvs3kKo4NwG7MGLNgy1RJiYtT8Dpw=="
      },
      "Headless.Checks": {
        "type": "Transitive",
        "resolved": "0.11.0",
        "contentHash": "/IAXmlUbOQQgDmVLV+NqmA4iwF8K3kNOqND6Plf9FUC4x54Fh9OqPFE2q58H7ycWiqsC43d/GMVq/4kfbgcyMw=="
      },
      "Headless.CommitCoordination.Abstractions": {
        "type": "Transitive",
        "resolved": "0.11.0",
        "contentHash": "4sdNwkuMEwXiwBOr3wGcxoV7Rgs6JG2ZvuO4vxkfGlQOa0SPLkN40YOgyNYcGEOBOjPygi7iFJRM0VhWdDCYKw=="
      },
      "Headless.Coordination.Abstractions": {
        "type": "Transitive",
        "resolved": "0.11.0",
        "contentHash": "n6rZb6T9o2KfQSiXXT5tqbDNIeuKhnTbSLOJb8b81YVTNNHCiFIWz0SglfN+G6HBe9Df09aSzue0LYOcauof6w==",
        "dependencies": {
          "Headless.Checks": "0.11.0"
        }
      },
      "Headless.Coordination.Core": {
        "type": "Transitive",
        "resolved": "0.11.0",
        "contentHash": "hZxU5yPAHnYx/jvPkVQiTahSa25cJWThTHKfB8VOoB6mAN+1xaly/Dm9uvfM+S69dIww3spJWy/+xfQgYYUi4Q==",
        "dependencies": {
          "CommunityToolkit.HighPerformance": "8.4.2",
          "FluentValidation": "12.1.1",
          "Headless.Checks": "0.11.0",
          "Headless.Coordination.Abstractions": "0.11.0",
          "Headless.Core": "0.11.0",
          "Headless.Extensions": "0.11.0",
          "Headless.Hosting": "0.11.0",
          "Headless.Serializer.Json": "0.11.0",
          "Humanizer.Core": "3.0.10",
          "Microsoft.Bcl.TimeProvider": "10.0.9",
          "Nito.AsyncEx": "5.1.2",
          "Nito.Disposables": "2.5.0",
          "Polly.Core": "8.7.0",
          "Snappier": "1.3.1",
          "System.Reactive": "6.1.0",
          "TimeZoneConverter": "7.2.0",
          "libphonenumber-csharp": "9.0.34",
          "morelinq": "4.4.0"
        }
      },
      "Headless.Core": {
        "type": "Transitive",
        "resolved": "0.11.0",
        "contentHash": "+E/w9KEkYkEQE8xZ53ngeKzQ65zlU9gV8BB2uXFViOvFsq6tdOaWz/NaodIg0iOVg1D2rZ0Zu0Q+g86MSq85NA==",
        "dependencies": {
          "CommunityToolkit.HighPerformance": "8.4.2",
          "Headless.Checks": "0.11.0",
          "Headless.Extensions": "0.11.0",
          "Headless.Serializer.Json": "0.11.0",
          "Humanizer.Core": "3.0.10",
          "Microsoft.Bcl.TimeProvider": "10.0.9",
          "Nito.AsyncEx": "5.1.2",
          "Nito.Disposables": "2.5.0",
          "Polly.Core": "8.7.0",
          "Snappier": "1.3.1",
          "System.Reactive": "6.1.0",
          "TimeZoneConverter": "7.2.0",
          "libphonenumber-csharp": "9.0.34",
          "morelinq": "4.4.0"
        }
      },
      "Headless.DistributedLocks.Abstractions": {
        "type": "Transitive",
        "resolved": "0.11.0",
        "contentHash": "csyxKN2S0i/Y/oOYd4hgjA88WBIRGivYzR02Gpq0E8pfrnxh+NbnNiD3jHv5bfAZUxbnQeK3/t6YdFTmKDCtwg==",
        "dependencies": {
          "CommunityToolkit.HighPerformance": "8.4.2",
          "Headless.Checks": "0.11.0",
          "Headless.Extensions": "0.11.0",
          "Humanizer.Core": "3.0.10",
          "Microsoft.Bcl.TimeProvider": "10.0.9",
          "Nito.AsyncEx": "5.1.2",
          "Nito.Disposables": "2.5.0",
          "Polly.Core": "8.7.0",
          "System.Reactive": "6.1.0",
          "TimeZoneConverter": "7.2.0",
          "libphonenumber-csharp": "9.0.34",
          "morelinq": "4.4.0"
        }
      },
      "Headless.Extensions": {
        "type": "Transitive",
        "resolved": "0.11.0",
        "contentHash": "CVaiJYrdFwjH8lMvfORmB9LoQTRCr+RQ6DakX1SxZz+phGh9aFZ7Ighrp+1QJWnbmo26kh4mHNulTK6BYieBFA==",
        "dependencies": {
          "CommunityToolkit.HighPerformance": "8.4.2",
          "Headless.Checks": "0.11.0",
          "Headless.Generator.Primitives.Abstractions": "0.11.0",
          "Headless.Primitives": "0.11.0",
          "Headless.Urls": "0.11.0",
          "Humanizer.Core": "3.0.10",
          "Microsoft.Bcl.TimeProvider": "10.0.9",
          "Nito.AsyncEx": "5.1.2",
          "Nito.Disposables": "2.5.0",
          "Polly.Core": "8.7.0",
          "System.Reactive": "6.1.0",
          "TimeZoneConverter": "7.2.0",
          "libphonenumber-csharp": "9.0.34",
          "morelinq": "4.4.0"
        }
      },
      "Headless.FluentValidation": {
        "type": "Transitive",
        "resolved": "0.11.0",
        "contentHash": "gzSS90F+7NHw/oXiXOTAVg4oJJXFa+dueHBR0a+S2AZpzXEORPeeyCytPFiOGyY8WAI5m9df6zXCqp3DstTRMw==",
        "dependencies": {
          "CommunityToolkit.HighPerformance": "8.4.2",
          "FluentValidation": "12.1.1",
          "Headless.Extensions": "0.11.0",
          "Humanizer.Core": "3.0.10",
          "Microsoft.Bcl.TimeProvider": "10.0.9",
          "Nito.AsyncEx": "5.1.2",
          "Nito.Disposables": "2.5.0",
          "Polly.Core": "8.7.0",
          "System.Reactive": "6.1.0",
          "TimeZoneConverter": "7.2.0",
          "libphonenumber-csharp": "9.0.34",
          "morelinq": "4.4.0"
        }
      },
      "Headless.Generator.Primitives.Abstractions": {
        "type": "Transitive",
        "resolved": "0.11.0",
        "contentHash": "asGjOfeqv2mSxMZLNrnK3IYKcS6jXf57WysO/YgnPTM9SC4nDN51/pk31fRYvzRGMAvg21wqOS6uKpiirTwlVA=="
      },
      "Headless.Hosting": {
        "type": "Transitive",
        "resolved": "0.11.0",
        "contentHash": "ZwGoXcWgOZrruSC/WiyO5j0zVuHtvXx8+OuM6IqJwsGNee+vClcKURo5qjLCOq1XcprCy2pi+4PZ1DuZA1+sRA==",
        "dependencies": {
          "CommunityToolkit.HighPerformance": "8.4.2",
          "FluentValidation": "12.1.1",
          "Headless.FluentValidation": "0.11.0",
          "Humanizer.Core": "3.0.10",
          "Microsoft.Bcl.TimeProvider": "10.0.9",
          "Nito.AsyncEx": "5.1.2",
          "Nito.Disposables": "2.5.0",
          "Polly.Core": "8.7.0",
          "System.Reactive": "6.1.0",
          "TimeZoneConverter": "7.2.0",
          "libphonenumber-csharp": "9.0.34",
          "morelinq": "4.4.0"
        }
      },
      "Headless.Messaging.Abstractions": {
        "type": "Transitive",
        "resolved": "0.11.0",
        "contentHash": "1+5m/FW8lA1ag5pH7dGWbM1O8V1poEIUbFYQcSmsi36j0yIzfsPPuNN3rNAShIMwkRRYOYxi7L4n1zUodZdvFQ==",
        "dependencies": {
          "Headless.Checks": "0.11.0"
        }
      },
      "Headless.Messaging.Bus.Abstractions": {
        "type": "Transitive",
        "resolved": "0.11.0",
        "contentHash": "Y5KZc6VvuWKh16Ep3MnDDZRmDZ6rW21cfzUw0qShmONb8Klc7HNFDntVYIQFk5iWc5Oj2I5bFChgZEoy2fWk4A==",
        "dependencies": {
          "Headless.Messaging.Abstractions": "0.11.0"
        }
      },
      "Headless.Messaging.Queue.Abstractions": {
        "type": "Transitive",
        "resolved": "0.11.0",
        "contentHash": "5oWiPE2UCcDzE47Am5+F6QHqcvyGDx1McKqDJDq3oDERZ2kMZELtrBBFpBh2w6zV8l0cLWID/t2bbYrF+FiyKA==",
        "dependencies": {
          "Headless.Messaging.Abstractions": "0.11.0"
        }
      },
      "Headless.MultiTenancy": {
        "type": "Transitive",
        "resolved": "0.11.0",
        "contentHash": "mmnJuXvrq4T3GHZ9opmMdYDZTY6+zhgn3QzKnRj4xiUBpc96Ji2POmP4HwZnwy2Uxb/UpLS0EaxTErBfqXrBAg==",
        "dependencies": {
          "Headless.Checks": "0.11.0"
        }
      },
      "Headless.Primitives": {
        "type": "Transitive",
        "resolved": "0.11.0",
        "contentHash": "YZs1z6BMuvyaBbP1IJhyiuFBFL4vuGJLsc5rriY3MOhzKWmxiRjkFoQG0o8YC/7ASX9h2ohSGEF0uglly8TXgA==",
        "dependencies": {
          "Headless.Checks": "0.11.0",
          "Headless.Generator.Primitives.Abstractions": "0.11.0",
          "libphonenumber-csharp": "9.0.34"
        }
      },
      "Headless.Serializer.Abstractions": {
        "type": "Transitive",
        "resolved": "0.11.0",
        "contentHash": "fXfChfFEd/q3x9bKXREq8knE5oy+XMlhuZ+LzJOms11KNaB13IlarC2zGW+6CNw52rlS1mRvZzTWw3npFNz6Wg=="
      },
      "Headless.Serializer.Json": {
        "type": "Transitive",
        "resolved": "0.11.0",
        "contentHash": "Z3bWn+AEdgnTidZYu7Vd6q9FYaV6lYMV8mcy35Hk3U/kBUItgZ/vJo3DeyCk6ZfRCQZurakHBNiukO0snH49+g==",
        "dependencies": {
          "Headless.Serializer.Abstractions": "0.11.0"
        }
      },
      "Headless.Urls": {
        "type": "Transitive",
        "resolved": "0.11.0",
        "contentHash": "2BWIVtzU6DdovIeZenSFK2Ah7TbIADX3HKs7fFLz9LyfSaoOM+DjCEGwG2wm5LQ4EKLaw2ui53Y1/c0ErujCzw==",
        "dependencies": {
          "Headless.Checks": "0.11.0"
        }
      },
      "Humanizer.Core": {
        "type": "Transitive",
        "resolved": "3.0.10",
        "contentHash": "yZIhtw8sYuvsONzQbZxWpR60tMWYHXoo0DL6nyOqSFiU5POjBTSEyWFpTQtJEZuy+oqiYTXKXY/Mjx7KnqIQFw=="
      },
      "libphonenumber-csharp": {
        "type": "Transitive",
        "resolved": "9.0.34",
        "contentHash": "QmwQQk2ca/E3qyTTwmTnIoNj2sQ8daRWBQt4+6bkNkDyHgCjgggNGgvFqS6Gm9HQ1EbYkyKn58RjUC2jVM+RQw=="
      },
      "Microsoft.Bcl.TimeProvider": {
        "type": "Transitive",
        "resolved": "10.0.9",
        "contentHash": "jCmHpoCeNbyjj71mnex2+fsCWtQINKrv8IL5xnuskQN8vQb5UA8ac+rWbt/jHeiSoH5gVlA8o20+XmWRKJuJWQ=="
      },
      "morelinq": {
        "type": "Transitive",
        "resolved": "4.4.0",
        "contentHash": "QX3bsK9oFeUXk8tFsc9NkI6NnCr8Ar/ex027p+ZZ/jdLCdX2RlryDtxUqZW5j45NVwn4E4Z4hzupsoMQd6Yxtg=="
      },
      "NATS.Client.Abstractions": {
        "type": "Transitive",
        "resolved": "2.8.2",
        "contentHash": "yzYxLYvNaVy4p1Pxm0q2RtVmHi1Ijzdl0Hnw4E4sT0KWhVYQuOCF7PiuJ1EHR/0yBEwKfPjzpl6cS4A/2NdsTA=="
      },
      "NATS.Client.Core": {
        "type": "Transitive",
        "resolved": "2.8.2",
        "contentHash": "w3ijnp07CrILhYp2Hkyi1u8hNN9czdhwYGxTf9bi23jMEQoYh7X3y1NDA2VkQW3UAq7bYMq3hr403wCdzj+YaA==",
        "dependencies": {
          "NATS.Client.Abstractions": "2.8.2",
          "NATS.NKeys": "1.0.1"
        }
      },
      "NATS.Client.Hosting": {
        "type": "Transitive",
        "resolved": "2.8.2",
        "contentHash": "2UeW1YUEOxDlyYau9JQQpXrpjFy+818UeOrBbQPP+l9Y0KMxd2oE4MoaVoNu/bAYibNCuIJqj0yhIBykvPO8wQ==",
        "dependencies": {
          "NATS.Client.Core": "2.8.2"
        }
      },
      "NATS.Client.JetStream": {
        "type": "Transitive",
        "resolved": "2.8.2",
        "contentHash": "aL3916K5JboqTuUFHyG+OmIZgeUYaLASSkHaKDxRiLKbRWeKCbH/lqvqFEJOPHpKkFa46CXEXAD+iuZ5txko3w==",
        "dependencies": {
          "NATS.Client.Core": "2.8.2"
        }
      },
      "NATS.Client.KeyValueStore": {
        "type": "Transitive",
        "resolved": "2.8.2",
        "contentHash": "IyMOmkagPQf94vtf3Q/5HyiAm5tN8tv1TVp/k0GcH6i5K7uXaOK3uz94RtbUmVzEvGtrsJ+hzbycxOPh0dk7CA==",
        "dependencies": {
          "NATS.Client.JetStream": "2.8.2"
        }
      },
      "NATS.Client.ObjectStore": {
        "type": "Transitive",
        "resolved": "2.8.2",
        "contentHash": "RSArUdK9sZ0bh97eVIJJ5T9aR1MiRdP8SY90b0v0umEzcmI0hE/LnkkoWritC/vAOGNa1ybYmoFfA4z2UNtPQA==",
        "dependencies": {
          "NATS.Client.JetStream": "2.8.2"
        }
      },
      "NATS.Client.Serializers.Json": {
        "type": "Transitive",
        "resolved": "2.8.2",
        "contentHash": "Cd+4OkKFpgzfRUYhY3OkJ/IpMNvveSWcyWSMliwnGnLvnFIXTKtV22PwOFKDrZgPifsesggYfoDjzq5LeGUmrQ==",
        "dependencies": {
          "NATS.Client.Abstractions": "2.8.2"
        }
      },
      "NATS.Client.Services": {
        "type": "Transitive",
        "resolved": "2.8.2",
        "contentHash": "2zV306iSkyWoF2Zy+AFIzIb+NJ0SttBJuQzxkMasuNuHQlayEuWLiytLAfecdF7URgXIKgU2XVjrFMToTYVYzQ==",
        "dependencies": {
          "NATS.Client.Core": "2.8.2"
        }
      },
      "NATS.Client.Simplified": {
        "type": "Transitive",
        "resolved": "2.8.2",
        "contentHash": "JUJCIZ+IQzIhyE8uCSSRWkhp2BBk6O6GMAkRVo8gfbyKRelStt8tpBUMfYYR6Ru3tfAOCiVDOYSnXsJnilOiww==",
        "dependencies": {
          "NATS.Client.Core": "2.8.2",
          "NATS.Client.Serializers.Json": "2.8.2"
        }
      },
      "NATS.Net": {
        "type": "Transitive",
        "resolved": "2.8.2",
        "contentHash": "aDeKcnk4y3ZYSHnudVlWmo/59IgLBO7YRt23W9cYDVQbxonCOaRZWQ7q5XcDuOooBG7JipFjKcZC9y9YANwIww==",
        "dependencies": {
          "NATS.Client.Core": "2.8.2",
          "NATS.Client.Hosting": "2.8.2",
          "NATS.Client.JetStream": "2.8.2",
          "NATS.Client.KeyValueStore": "2.8.2",
          "NATS.Client.ObjectStore": "2.8.2",
          "NATS.Client.Serializers.Json": "2.8.2",
          "NATS.Client.Services": "2.8.2",
          "NATS.Client.Simplified": "2.8.2"
        }
      },
      "NATS.NKeys": {
        "type": "Transitive",
        "resolved": "1.0.1",
        "contentHash": "xtURX0fexmMd10noG3Uc8gFgwaH7QLQxxgdaVoQKFo0+8a4blwe8vPGgY2S5pzeVYcRXyjlIoA4AR4JgtThyjQ=="
      },
      "Nito.AsyncEx": {
        "type": "Transitive",
        "resolved": "5.1.2",
        "contentHash": "hq+N63M/2znx2z1VzvPDHNg+HIWKdIloEZre+P7E0O+2iRf1Q4HBOgeiJU6SzFD/fWoyKyKSSSrekk4RgiXaeQ==",
        "dependencies": {
          "Nito.AsyncEx.Context": "5.1.2",
          "Nito.AsyncEx.Coordination": "5.1.2",
          "Nito.AsyncEx.Interop.WaitHandles": "5.1.2",
          "Nito.AsyncEx.Oop": "5.1.2",
          "Nito.AsyncEx.Tasks": "5.1.2",
          "Nito.Cancellation": "1.1.2"
        }
      },
      "Nito.AsyncEx.Context": {
        "type": "Transitive",
        "resolved": "5.1.2",
        "contentHash": "rMwL7Nj3oNyvFu/jxUzQ/YBobEkM2RQHe+5mpCDRyq6mfD7vCj7Z3rjB6XgpM6Mqcx1CA2xGv0ascU/2Xk8IIg==",
        "dependencies": {
          "Nito.AsyncEx.Tasks": "5.1.2"
        }
      },
      "Nito.AsyncEx.Coordination": {
        "type": "Transitive",
        "resolved": "5.1.2",
        "contentHash": "QMyUfsaxov//0ZMbOHWr9hJaBFteZd66DV1ay4J5wRODDb8+K/uHC7+3VsOflo6SVw/29mu8OWZp8vMDSuzc0w==",
        "dependencies": {
          "Nito.AsyncEx.Tasks": "5.1.2",
          "Nito.Collections.Deque": "1.1.1"
        }
      },
      "Nito.AsyncEx.Interop.WaitHandles": {
        "type": "Transitive",
        "resolved": "5.1.2",
        "contentHash": "qym29lFBCSIacKvFcJDW+beXzuO+6y9lWdd1KecxzzAqtNuvlYgNPwIsxwdhEINLhTT4aDuCM3JalpUZYWI51Q==",
        "dependencies": {
          "Nito.AsyncEx.Tasks": "5.1.2"
        }
      },
      "Nito.AsyncEx.Oop": {
        "type": "Transitive",
        "resolved": "5.1.2",
        "contentHash": "MxQl/NFoPgMApyjbB2fSZBrjdf9r6ODd/BTrWLyJKYX6UeNfw0Ocr0cPiTg2LRN0Ayud8Gj4dh67AdasNn709Q==",
        "dependencies": {
          "Nito.AsyncEx.Coordination": "5.1.2"
        }
      },
      "Nito.AsyncEx.Tasks": {
        "type": "Transitive",
        "resolved": "5.1.2",
        "contentHash": "jEkCfR2/M26OK/U4G7SEN063EU/F4LiVA06TtpZILMdX/quIHCg+wn31Zerl2LC+u1cyFancjTY3cNAr2/89PA==",
        "dependencies": {
          "Nito.Disposables": "2.2.1"
        }
      },
      "Nito.Cancellation": {
        "type": "Transitive",
        "resolved": "1.1.2",
        "contentHash": "Z+SZKp0KxMC6tEVbXe8ah4pBJadyqP0pObQMaZcBavhIDEIsGuxt7PL+B9AiNJD3Ni5VgnZsnii5HPJgVDE81w==",
        "dependencies": {
          "Nito.Disposables": "2.2.1"
        }
      },
      "Nito.Collections.Deque": {
        "type": "Transitive",
        "resolved": "1.1.1",
        "contentHash": "CU0/Iuv5VDynK8I8pDLwkgF0rZhbQoZahtodfL0M3x2gFkpBRApKs8RyMyNlAi1mwExE4gsmqQXk4aFVvW9a4Q=="
      },
      "Nito.Disposables": {
        "type": "Transitive",
        "resolved": "2.5.0",
        "contentHash": "l0OuzZ2T/botMbOvPGY6yp3v+69aMrt+wzST/tFdGnHEFVXbbdOFxu3bfo9XH1N1H0LCQlA3RmFvlPO8zA+faw=="
      },
      "Polly.Core": {
        "type": "Transitive",
        "resolved": "8.7.0",
        "contentHash": "BS2t+nsBer16PIebCEPNBK5fgMisADQyRCd7K+BgkMWpFmSaiYE+rVVNpFhGRqUkJmNSLmw0uCNzHHWfgml28Q=="
      },
      "RESPite": {
        "type": "Transitive",
        "resolved": "3.0.11",
        "contentHash": "txORk48Kw4utEaKHD5AWyfsxj7ZTb8EuJM9RaQjPg0pt0YxjBHgFEohE4bia0o3Ik1F5MhoayaUy3hYvcsb5Ng=="
      },
      "Snappier": {
        "type": "Transitive",
        "resolved": "1.3.1",
        "contentHash": "DOdDQiO8YZ5rBtVLY+6CmR1yp9WYoJRgEEktPBrR0tEj9QO2djA/zv0O3DX0OZpEAfosbY8pytQ9tQUogwQsEA=="
      },
      "StackExchange.Redis": {
        "type": "Transitive",
        "resolved": "3.0.11",
        "contentHash": "aLUOeQ3hpTg1H7AT6nVS3Roy8lKPsTG7VIEhspT5sNXWqcKbYJo1ytx8JqTNEWmnl/Ou/LwrDJntbl2P32IGcQ==",
        "dependencies": {
          "RESPite": "3.0.11",
          "System.IO.Hashing": "10.0.5"
        }
      },
      "System.IO.Hashing": {
        "type": "Transitive",
        "resolved": "10.0.5",
        "contentHash": "8IBJWcCT9+e4Bmevm4T7+fQEiAh133KGiz4oiVTgJckd3Q76OFdR1falgn9lpz7+C4HJvogCDJeAa2QmvbeVtg=="
      },
      "System.Reactive": {
        "type": "Transitive",
        "resolved": "6.1.0",
        "contentHash": "M5cCC1ZMkZr9jbSQGTHnVkb5TDN67qWCV7AP8TAHdGkvDlu0puT5NzemESNn9+HkYIDpWpocP68/i+/ame2/2w=="
      },
      "TimeZoneConverter": {
        "type": "Transitive",
        "resolved": "7.2.0",
        "contentHash": "4Poqu79dTmacVETqUJ53g3x4U21V/cmWPSlehdsVE4Q00akavvlRq+SRjcg/CmfO9ibOCjRl6TeUV7hkC5RC4w=="
      }
    }
  }
}