{
  "version": 2,
  "dependencies": {
    "net10.0": {
      "AsyncFixer": {
        "type": "Direct",
        "requested": "[2.1.0, )",
        "resolved": "2.1.0",
        "contentHash": "OOHNlH7GF39qk0Pv4cIQWA99hUh3nujDgGE2nADPpw88lD7s2qwlxEhuJIBfstC8ng3B1yY6SQy2JW/tddlMAQ=="
      },
      "Asyncify": {
        "type": "Direct",
        "requested": "[0.9.7, )",
        "resolved": "0.9.7",
        "contentHash": "NWaKPk8W6v9oyV6nPAubkiANegI5QDa/h/OkqKXdpfG1teU1rbHQYCMHno/uz5/XxUyWfY++8WQT4+ljMXQZNA=="
      },
      "Dapper": {
        "type": "Direct",
        "requested": "[2.1.79, )",
        "resolved": "2.1.79",
        "contentHash": "8YijbzgTfmqmQOnVNorYM6K++pxqnW3nJ4aC1sRHzxUA2CcuoJ9gsTem3kgBnPRMc38zZHl4Esb6hAezXIEEuw=="
      },
      "ErrorProne.NET.CoreAnalyzers": {
        "type": "Direct",
        "requested": "[0.1.2, )",
        "resolved": "0.1.2",
        "contentHash": "RQdzUtFVhwLwisP2Du7Ugm7ldwAzc+QJrlZWNIwHXcgq4b5fLwZgdN1203RdYiHS8OOALophC6yWekxu3UgN2g=="
      },
      "JetBrains.Annotations": {
        "type": "Direct",
        "requested": "[2026.2.0, )",
        "resolved": "2026.2.0",
        "contentHash": "drvAEaI7Xf4wU6dx4UTB9MoZWXZlraaQ0qoeThPQ411FxNhId7QdUTukIC9I8aUHP0ycAaGwZNKqSvfOZQvUlg=="
      },
      "Meziantou.Analyzer": {
        "type": "Direct",
        "requested": "[3.0.75, )",
        "resolved": "3.0.75",
        "contentHash": "Xx0mhXwuicUv+tU5DTgRELHNLkcI5R73CQ7+HSKR1wxY554/vBFG1J2AwtgqspBy8MaKYVK3KDddGKLXWPg5vw=="
      },
      "Microsoft.CodeAnalysis.BannedApiAnalyzers": {
        "type": "Direct",
        "requested": "[4.14.0, )",
        "resolved": "4.14.0",
        "contentHash": "gSWJlDWwmDhtbrEJGiHqvEjz9KthIiFD0qYB8zZ6a7z+xpMSPEtM9yTYELSa58iFWYlzSRqP9FXO6KoT3+ZMtg=="
      },
      "Microsoft.CodeAnalysis.ResxSourceGenerator": {
        "type": "Direct",
        "requested": "[5.0.0-1.25277.114, )",
        "resolved": "5.0.0-1.25277.114",
        "contentHash": "tgmnwUv1iqiQFVp1hVRDR9mUy9/i6BS75l9FkFD/T76aAlU1XEjVYsS0Jkz/nbQg+vVvyxgglDhiOXwAvoIvMg=="
      },
      "Microsoft.Sbom.Targets": {
        "type": "Direct",
        "requested": "[4.1.5, )",
        "resolved": "4.1.5",
        "contentHash": "i5z+cNu/cOcdO0AgFB8aXk8w6In2H+haaDfSgd9ImvQIK+rSHavHZIogVoAZLL8jLwYx4bAcs5b7EyuMMG4mQQ=="
      },
      "Microsoft.VisualStudio.Threading.Analyzers": {
        "type": "Direct",
        "requested": "[17.14.15, )",
        "resolved": "17.14.15",
        "contentHash": "mXQPJsbuUD2ydq4/ffd8h8tSOFCXec+2xJOVNCvXjuMOq/+5EKHq3D2m2MC2+nUaXeFMSt66VS/J4HdKBixgcw=="
      },
      "Npgsql.EntityFrameworkCore.PostgreSQL": {
        "type": "Direct",
        "requested": "[10.0.2, )",
        "resolved": "10.0.2",
        "contentHash": "PsNYgPOSW41Xx19gin7y4EdZAPteWr9Cb01XkdObxOsPzi+mgBupBEN7J7+erXFsROPOILM7MlIoO9QzL8+LGQ==",
        "dependencies": {
          "Microsoft.EntityFrameworkCore": "[10.0.4, 11.0.0)",
          "Microsoft.EntityFrameworkCore.Relational": "[10.0.4, 11.0.0)",
          "Npgsql": "10.0.3"
        }
      },
      "ReflectionAnalyzers": {
        "type": "Direct",
        "requested": "[0.3.1, )",
        "resolved": "0.3.1",
        "contentHash": "Q7N3nziye+vGsDPcrKrPFjlaFhrM+1adtJcpjFeq4ufBB+uKc4kRezSK03382xpE8iNQbiRHUl+z31NW0W18FQ=="
      },
      "Roslynator.Analyzers": {
        "type": "Direct",
        "requested": "[4.15.0, )",
        "resolved": "4.15.0",
        "contentHash": "E8fu71Y+vzhniJKy1K13Rzwm8Vjcj7CDFBpflqncKUZfc3SzuF0kMBiyMmgXNPkjWTdE3Z+30HlGgYjHONZY/Q=="
      },
      "SerilogAnalyzer": {
        "type": "Direct",
        "requested": "[0.15.0, )",
        "resolved": "0.15.0",
        "contentHash": "sVpwfls4MfNnwIXLSGCgaUnV+c9kgJ8ia6GsyRcpd4Vs3gLogSDtSYBYrre2K2u/PNMo8GgG09RehwVnze70Tw=="
      },
      "SmartAnalyzers.MultithreadingAnalyzer": {
        "type": "Direct",
        "requested": "[1.1.31, )",
        "resolved": "1.1.31",
        "contentHash": "2f2k7bbhDd132ArglCKpzKoWBcp3uzbIFcb4aosnlqIKlfYKDE2HevBVRNVa+LkWFnjXFFWs47Bo96fu8iS//Q=="
      },
      "librdkafka.redist": {
        "type": "Transitive",
        "resolved": "2.15.0",
        "contentHash": "DzG2YcqWPT3Ly91aeDYsgsVcJXlOMiK9oqyRdPvQz9ZMbcV8Ob0rQA6fNUQ4sarmzFk4phqwPlVQxtZDGLP69w=="
      },
      "Microsoft.EntityFrameworkCore.Abstractions": {
        "type": "Transitive",
        "resolved": "10.0.9",
        "contentHash": "GRMaiPkqYna/gCsyDffYDWmefGPC3hDrdMw+2rrGcQwhs6uZOsaMQXMJnoXQ35tx9SkBV2ieRRU9N/jLOO6BZw=="
      },
      "Microsoft.EntityFrameworkCore.Analyzers": {
        "type": "Transitive",
        "resolved": "10.0.9",
        "contentHash": "aiEFB+C5EsZGqxvMPazE07hbWsp4iPaufJpanGt5O+lrwv7mJLrqma5haVIgFAPCyhQkmk75XSCEubT1zUjxtA=="
      },
      "Nito.AsyncEx.Context": {
        "type": "Transitive",
        "resolved": "5.1.2",
        "contentHash": "rMwL7Nj3oNyvFu/jxUzQ/YBobEkM2RQHe+5mpCDRyq6mfD7vCj7Z3rjB6XgpM6Mqcx1CA2xGv0ascU/2Xk8IIg==",
        "dependencies": {
          "Nito.AsyncEx.Tasks": "5.1.2"
        }
      },
      "Nito.AsyncEx.Coordination": {
        "type": "Transitive",
        "resolved": "5.1.2",
        "contentHash": "QMyUfsaxov//0ZMbOHWr9hJaBFteZd66DV1ay4J5wRODDb8+K/uHC7+3VsOflo6SVw/29mu8OWZp8vMDSuzc0w==",
        "dependencies": {
          "Nito.AsyncEx.Tasks": "5.1.2",
          "Nito.Collections.Deque": "1.1.1"
        }
      },
      "Nito.AsyncEx.Interop.WaitHandles": {
        "type": "Transitive",
        "resolved": "5.1.2",
        "contentHash": "qym29lFBCSIacKvFcJDW+beXzuO+6y9lWdd1KecxzzAqtNuvlYgNPwIsxwdhEINLhTT4aDuCM3JalpUZYWI51Q==",
        "dependencies": {
          "Nito.AsyncEx.Tasks": "5.1.2"
        }
      },
      "Nito.AsyncEx.Oop": {
        "type": "Transitive",
        "resolved": "5.1.2",
        "contentHash": "MxQl/NFoPgMApyjbB2fSZBrjdf9r6ODd/BTrWLyJKYX6UeNfw0Ocr0cPiTg2LRN0Ayud8Gj4dh67AdasNn709Q==",
        "dependencies": {
          "Nito.AsyncEx.Coordination": "5.1.2"
        }
      },
      "Nito.AsyncEx.Tasks": {
        "type": "Transitive",
        "resolved": "5.1.2",
        "contentHash": "jEkCfR2/M26OK/U4G7SEN063EU/F4LiVA06TtpZILMdX/quIHCg+wn31Zerl2LC+u1cyFancjTY3cNAr2/89PA==",
        "dependencies": {
          "Nito.Disposables": "2.2.1"
        }
      },
      "Nito.Cancellation": {
        "type": "Transitive",
        "resolved": "1.1.2",
        "contentHash": "Z+SZKp0KxMC6tEVbXe8ah4pBJadyqP0pObQMaZcBavhIDEIsGuxt7PL+B9AiNJD3Ni5VgnZsnii5HPJgVDE81w==",
        "dependencies": {
          "Nito.Disposables": "2.2.1"
        }
      },
      "Nito.Collections.Deque": {
        "type": "Transitive",
        "resolved": "1.1.1",
        "contentHash": "CU0/Iuv5VDynK8I8pDLwkgF0rZhbQoZahtodfL0M3x2gFkpBRApKs8RyMyNlAi1mwExE4gsmqQXk4aFVvW9a4Q=="
      },
      "headless.checks": {
        "type": "Project"
      },
      "headless.commitcoordination.abstractions": {
        "type": "Project"
      },
      "headless.commitcoordination.core": {
        "type": "Project",
        "dependencies": {
          "Headless.Checks": "[1.0.0, )",
          "Headless.CommitCoordination.Abstractions": "[1.0.0, )"
        }
      },
      "headless.commitcoordination.entityframework": {
        "type": "Project",
        "dependencies": {
          "Headless.Checks": "[1.0.0, )",
          "Headless.CommitCoordination.Core": "[1.0.0, )",
          "Microsoft.EntityFrameworkCore.Relational": "[10.0.9, )"
        }
      },
      "headless.commitcoordination.postgresql": {
        "type": "Project",
        "dependencies": {
          "Headless.Checks": "[1.0.0, )",
          "Headless.CommitCoordination.Core": "[1.0.0, )",
          "Npgsql": "[10.0.3, )"
        }
      },
      "headless.coordination.abstractions": {
        "type": "Project",
        "dependencies": {
          "Headless.Checks": "[1.0.0, )"
        }
      },
      "headless.coordination.core": {
        "type": "Project",
        "dependencies": {
          "FluentValidation": "[12.1.1, )",
          "Headless.Checks": "[1.0.0, )",
          "Headless.Coordination.Abstractions": "[1.0.0, )",
          "Headless.Core": "[1.0.0, )",
          "Headless.Extensions": "[1.0.0, )",
          "Headless.Hosting": "[1.0.0, )",
          "Headless.Serializer.Json": "[1.0.0, )"
        }
      },
      "headless.core": {
        "type": "Project",
        "dependencies": {
          "Headless.Checks": "[1.0.0, )",
          "Headless.Extensions": "[1.0.0, )",
          "Headless.Serializer.Json": "[1.0.0, )",
          "Snappier": "[1.3.1, )"
        }
      },
      "headless.dashboard.authentication": {
        "type": "Project",
        "dependencies": {
          "Headless.Extensions": "[1.0.0, )"
        }
      },
      "headless.distributedlocks.abstractions": {
        "type": "Project",
        "dependencies": {
          "Headless.Checks": "[1.0.0, )",
          "Headless.Extensions": "[1.0.0, )"
        }
      },
      "headless.extensions": {
        "type": "Project",
        "dependencies": {
          "CommunityToolkit.HighPerformance": "[8.4.2, )",
          "Headless.Checks": "[1.0.0, )",
          "Headless.Generator.Primitives.Abstractions": "[1.0.0, )",
          "Humanizer.Core": "[3.0.10, )",
          "Microsoft.Bcl.TimeProvider": "[10.0.9, )",
          "Nito.AsyncEx": "[5.1.2, )",
          "Nito.Disposables": "[2.5.0, )",
          "Polly.Core": "[8.7.0, )",
          "System.Reactive": "[6.1.0, )",
          "TimeZoneConverter": "[7.2.0, )",
          "libphonenumber-csharp": "[9.0.34, )",
          "morelinq": "[4.4.0, )"
        }
      },
      "headless.fluentvalidation": {
        "type": "Project",
        "dependencies": {
          "FluentValidation": "[12.1.1, )",
          "Headless.Extensions": "[1.0.0, )",
          "libphonenumber-csharp": "[9.0.34, )"
        }
      },
      "headless.generator.primitives.abstractions": {
        "type": "Project"
      },
      "headless.hosting": {
        "type": "Project",
        "dependencies": {
          "Headless.FluentValidation": "[1.0.0, )"
        }
      },
      "headless.messaging.abstractions": {
        "type": "Project",
        "dependencies": {
          "Headless.Checks": "[1.0.0, )"
        }
      },
      "headless.messaging.bus.abstractions": {
        "type": "Project",
        "dependencies": {
          "Headless.Messaging.Abstractions": "[1.0.0, )"
        }
      },
      "headless.messaging.core": {
        "type": "Project",
        "dependencies": {
          "FastExpressionCompiler": "[5.4.1, )",
          "Headless.CommitCoordination.Abstractions": "[1.0.0, )",
          "Headless.Coordination.Abstractions": "[1.0.0, )",
          "Headless.Coordination.Core": "[1.0.0, )",
          "Headless.Core": "[1.0.0, )",
          "Headless.DistributedLocks.Abstractions": "[1.0.0, )",
          "Headless.Extensions": "[1.0.0, )",
          "Headless.Hosting": "[1.0.0, )",
          "Headless.Messaging.Abstractions": "[1.0.0, )",
          "Headless.Messaging.Bus.Abstractions": "[1.0.0, )",
          "Headless.Messaging.Queue.Abstractions": "[1.0.0, )",
          "Headless.MultiTenancy": "[1.0.0, )"
        }
      },
      "headless.messaging.dashboard": {
        "type": "Project",
        "dependencies": {
          "Consul": "[1.8.0, )",
          "Headless.Dashboard.Authentication": "[1.0.0, )",
          "Headless.Messaging.Core": "[1.0.0, )"
        }
      },
      "headless.messaging.kafka": {
        "type": "Project",
        "dependencies": {
          "Confluent.Kafka": "[2.15.0, )",
          "Headless.Messaging.Core": "[1.0.0, )",
          "Headless.Messaging.Queue.Abstractions": "[1.0.0, )"
        }
      },
      "headless.messaging.queue.abstractions": {
        "type": "Project",
        "dependencies": {
          "Headless.Messaging.Abstractions": "[1.0.0, )"
        }
      },
      "headless.messaging.storage.postgresql": {
        "type": "Project",
        "dependencies": {
          "Headless.CommitCoordination.EntityFramework": "[1.0.0, )",
          "Headless.Messaging.Core": "[1.0.0, )",
          "Microsoft.EntityFrameworkCore.Relational": "[10.0.9, )",
          "Npgsql": "[10.0.3, )"
        }
      },
      "headless.multitenancy": {
        "type": "Project",
        "dependencies": {
          "Headless.Checks": "[1.0.0, )"
        }
      },
      "headless.serializer.abstractions": {
        "type": "Project"
      },
      "headless.serializer.json": {
        "type": "Project",
        "dependencies": {
          "Headless.Serializer.Abstractions": "[1.0.0, )"
        }
      },
      "CommunityToolkit.HighPerformance": {
        "type": "CentralTransitive",
        "requested": "[8.4.2, )",
        "resolved": "8.4.2",
        "contentHash": "2hmtrrU18x6NL3mbuAqwy0KpnoEEJOuK6sH5RKQfD/jHijn2pqvqBUC7WGy9dgNBL9BDA7eOC0kirsNPMp2f4Q=="
      },
      "Confluent.Kafka": {
        "type": "CentralTransitive",
        "requested": "[2.15.0, )",
        "resolved": "2.15.0",
        "contentHash": "/BOEnIKAq1AHq6vPl+0RBDiKwI6L6tJaYBo1qH+OAUP5MFy0i0MhSfgtqKW9/M8J9dQPfb/izWU+R0Uc6DyW2w==",
        "dependencies": {
          "librdkafka.redist": "2.15.0"
        }
      },
      "Consul": {
        "type": "CentralTransitive",
        "requested": "[1.8.0, )",
        "resolved": "1.8.0",
        "contentHash": "flKNz6Swyt+pYBJ5dekN1X6PJYUaeNAaNC0dAWhudTd0t2vR34G0QXmr5KyApI7OP1rGMwY3xx133Dc9IvOS6Q==",
        "dependencies": {
          "Newtonsoft.Json": "13.0.1"
        }
      },
      "FastExpressionCompiler": {
        "type": "CentralTransitive",
        "requested": "[5.4.1, )",
        "resolved": "5.4.1",
        "contentHash": "nqMykMspK5cQd35Y8ulQzAujxCcCwZVUne32pC5xNpXqrbPCuKOPMWkKHJ3LveAZPm6dsVvump0TJ1SZ9RzfTQ=="
      },
      "FluentValidation": {
        "type": "CentralTransitive",
        "requested": "[12.1.1, )",
        "resolved": "12.1.1",
        "contentHash": "EPpkIe1yh1a0OXyC100oOA8WMbZvqUu5plwhvYcb7oSELfyUZzfxV48BLhvs3kKo4NwG7MGLNgy1RJiYtT8Dpw=="
      },
      "Humanizer.Core": {
        "type": "CentralTransitive",
        "requested": "[3.0.10, )",
        "resolved": "3.0.10",
        "contentHash": "yZIhtw8sYuvsONzQbZxWpR60tMWYHXoo0DL6nyOqSFiU5POjBTSEyWFpTQtJEZuy+oqiYTXKXY/Mjx7KnqIQFw=="
      },
      "libphonenumber-csharp": {
        "type": "CentralTransitive",
        "requested": "[9.0.34, )",
        "resolved": "9.0.34",
        "contentHash": "QmwQQk2ca/E3qyTTwmTnIoNj2sQ8daRWBQt4+6bkNkDyHgCjgggNGgvFqS6Gm9HQ1EbYkyKn58RjUC2jVM+RQw=="
      },
      "Microsoft.Bcl.TimeProvider": {
        "type": "CentralTransitive",
        "requested": "[10.0.9, )",
        "resolved": "10.0.9",
        "contentHash": "jCmHpoCeNbyjj71mnex2+fsCWtQINKrv8IL5xnuskQN8vQb5UA8ac+rWbt/jHeiSoH5gVlA8o20+XmWRKJuJWQ=="
      },
      "Microsoft.EntityFrameworkCore": {
        "type": "CentralTransitive",
        "requested": "[10.0.9, )",
        "resolved": "10.0.9",
        "contentHash": "tu85SRzOT021V7EQlViCiAE7TqldVn469Y6lt5TEn/+XC4/MeNCHgMRSxqYuWqvF4zAQZUhCmtNEZuM3ss4LeA==",
        "dependencies": {
          "Microsoft.EntityFrameworkCore.Abstractions": "10.0.9",
          "Microsoft.EntityFrameworkCore.Analyzers": "10.0.9"
        }
      },
      "Microsoft.EntityFrameworkCore.Relational": {
        "type": "CentralTransitive",
        "requested": "[10.0.9, )",
        "resolved": "10.0.9",
        "contentHash": "dEoyYKgiaZHHgOFm1WMWm1sFEsEuhPWufX4L9PekKtqd/RaIcPjkCjvbrVvJtApErb5wPSJhYvnTlxhH+p9h2g==",
        "dependencies": {
          "Microsoft.EntityFrameworkCore": "10.0.9"
        }
      },
      "morelinq": {
        "type": "CentralTransitive",
        "requested": "[4.4.0, )",
        "resolved": "4.4.0",
        "contentHash": "QX3bsK9oFeUXk8tFsc9NkI6NnCr8Ar/ex027p+ZZ/jdLCdX2RlryDtxUqZW5j45NVwn4E4Z4hzupsoMQd6Yxtg=="
      },
      "Newtonsoft.Json": {
        "type": "CentralTransitive",
        "requested": "[13.0.4, )",
        "resolved": "13.0.4",
        "contentHash": "pdgNNMai3zv51W5aq268sujXUyx7SNdE2bj1wZcWjAQrKMFZV260lbqYop1d2GM67JI1huLRwxo9ZqnfF/lC6A=="
      },
      "Nito.AsyncEx": {
        "type": "CentralTransitive",
        "requested": "[5.1.2, )",
        "resolved": "5.1.2",
        "contentHash": "hq+N63M/2znx2z1VzvPDHNg+HIWKdIloEZre+P7E0O+2iRf1Q4HBOgeiJU6SzFD/fWoyKyKSSSrekk4RgiXaeQ==",
        "dependencies": {
          "Nito.AsyncEx.Context": "5.1.2",
          "Nito.AsyncEx.Coordination": "5.1.2",
          "Nito.AsyncEx.Interop.WaitHandles": "5.1.2",
          "Nito.AsyncEx.Oop": "5.1.2",
          "Nito.AsyncEx.Tasks": "5.1.2",
          "Nito.Cancellation": "1.1.2"
        }
      },
      "Nito.Disposables": {
        "type": "CentralTransitive",
        "requested": "[2.5.0, )",
        "resolved": "2.5.0",
        "contentHash": "l0OuzZ2T/botMbOvPGY6yp3v+69aMrt+wzST/tFdGnHEFVXbbdOFxu3bfo9XH1N1H0LCQlA3RmFvlPO8zA+faw=="
      },
      "Npgsql": {
        "type": "CentralTransitive",
        "requested": "[10.0.3, )",
        "resolved": "10.0.3",
        "contentHash": "7nb5YzXuvWWJxB0J8DiyL3we+X4FOctZrt0fIBnucOIaIevFEEwGQVZKtiu9olXdlNAK1eNgqSral6r/jlhI4w=="
      },
      "Polly.Core": {
        "type": "CentralTransitive",
        "requested": "[8.7.0, )",
        "resolved": "8.7.0",
        "contentHash": "BS2t+nsBer16PIebCEPNBK5fgMisADQyRCd7K+BgkMWpFmSaiYE+rVVNpFhGRqUkJmNSLmw0uCNzHHWfgml28Q=="
      },
      "Snappier": {
        "type": "CentralTransitive",
        "requested": "[1.3.1, )",
        "resolved": "1.3.1",
        "contentHash": "DOdDQiO8YZ5rBtVLY+6CmR1yp9WYoJRgEEktPBrR0tEj9QO2djA/zv0O3DX0OZpEAfosbY8pytQ9tQUogwQsEA=="
      },
      "System.Reactive": {
        "type": "CentralTransitive",
        "requested": "[6.1.0, )",
        "resolved": "6.1.0",
        "contentHash": "M5cCC1ZMkZr9jbSQGTHnVkb5TDN67qWCV7AP8TAHdGkvDlu0puT5NzemESNn9+HkYIDpWpocP68/i+/ame2/2w=="
      },
      "TimeZoneConverter": {
        "type": "CentralTransitive",
        "requested": "[7.2.0, )",
        "resolved": "7.2.0",
        "contentHash": "4Poqu79dTmacVETqUJ53g3x4U21V/cmWPSlehdsVE4Q00akavvlRq+SRjcg/CmfO9ibOCjRl6TeUV7hkC5RC4w=="
      }
    }
  }
}