{
  "version": 2,
  "dependencies": {
    "net10.0": {
      "AsyncFixer": {
        "type": "Direct",
        "requested": "[2.1.0, )",
        "resolved": "2.1.0",
        "contentHash": "OOHNlH7GF39qk0Pv4cIQWA99hUh3nujDgGE2nADPpw88lD7s2qwlxEhuJIBfstC8ng3B1yY6SQy2JW/tddlMAQ=="
      },
      "Asyncify": {
        "type": "Direct",
        "requested": "[0.9.7, )",
        "resolved": "0.9.7",
        "contentHash": "NWaKPk8W6v9oyV6nPAubkiANegI5QDa/h/OkqKXdpfG1teU1rbHQYCMHno/uz5/XxUyWfY++8WQT4+ljMXQZNA=="
      },
      "ErrorProne.NET.CoreAnalyzers": {
        "type": "Direct",
        "requested": "[0.1.2, )",
        "resolved": "0.1.2",
        "contentHash": "RQdzUtFVhwLwisP2Du7Ugm7ldwAzc+QJrlZWNIwHXcgq4b5fLwZgdN1203RdYiHS8OOALophC6yWekxu3UgN2g=="
      },
      "JetBrains.Annotations": {
        "type": "Direct",
        "requested": "[2026.2.0, )",
        "resolved": "2026.2.0",
        "contentHash": "drvAEaI7Xf4wU6dx4UTB9MoZWXZlraaQ0qoeThPQ411FxNhId7QdUTukIC9I8aUHP0ycAaGwZNKqSvfOZQvUlg=="
      },
      "Meziantou.Analyzer": {
        "type": "Direct",
        "requested": "[3.0.75, )",
        "resolved": "3.0.75",
        "contentHash": "Xx0mhXwuicUv+tU5DTgRELHNLkcI5R73CQ7+HSKR1wxY554/vBFG1J2AwtgqspBy8MaKYVK3KDddGKLXWPg5vw=="
      },
      "Microsoft.CodeAnalysis.BannedApiAnalyzers": {
        "type": "Direct",
        "requested": "[4.14.0, )",
        "resolved": "4.14.0",
        "contentHash": "gSWJlDWwmDhtbrEJGiHqvEjz9KthIiFD0qYB8zZ6a7z+xpMSPEtM9yTYELSa58iFWYlzSRqP9FXO6KoT3+ZMtg=="
      },
      "Microsoft.CodeAnalysis.ResxSourceGenerator": {
        "type": "Direct",
        "requested": "[5.0.0-1.25277.114, )",
        "resolved": "5.0.0-1.25277.114",
        "contentHash": "tgmnwUv1iqiQFVp1hVRDR9mUy9/i6BS75l9FkFD/T76aAlU1XEjVYsS0Jkz/nbQg+vVvyxgglDhiOXwAvoIvMg=="
      },
      "Microsoft.Sbom.Targets": {
        "type": "Direct",
        "requested": "[4.1.5, )",
        "resolved": "4.1.5",
        "contentHash": "i5z+cNu/cOcdO0AgFB8aXk8w6In2H+haaDfSgd9ImvQIK+rSHavHZIogVoAZLL8jLwYx4bAcs5b7EyuMMG4mQQ=="
      },
      "Microsoft.VisualStudio.Threading.Analyzers": {
        "type": "Direct",
        "requested": "[17.14.15, )",
        "resolved": "17.14.15",
        "contentHash": "mXQPJsbuUD2ydq4/ffd8h8tSOFCXec+2xJOVNCvXjuMOq/+5EKHq3D2m2MC2+nUaXeFMSt66VS/J4HdKBixgcw=="
      },
      "ReflectionAnalyzers": {
        "type": "Direct",
        "requested": "[0.3.1, )",
        "resolved": "0.3.1",
        "contentHash": "Q7N3nziye+vGsDPcrKrPFjlaFhrM+1adtJcpjFeq4ufBB+uKc4kRezSK03382xpE8iNQbiRHUl+z31NW0W18FQ=="
      },
      "Roslynator.Analyzers": {
        "type": "Direct",
        "requested": "[4.15.0, )",
        "resolved": "4.15.0",
        "contentHash": "E8fu71Y+vzhniJKy1K13Rzwm8Vjcj7CDFBpflqncKUZfc3SzuF0kMBiyMmgXNPkjWTdE3Z+30HlGgYjHONZY/Q=="
      },
      "SerilogAnalyzer": {
        "type": "Direct",
        "requested": "[0.15.0, )",
        "resolved": "0.15.0",
        "contentHash": "sVpwfls4MfNnwIXLSGCgaUnV+c9kgJ8ia6GsyRcpd4Vs3gLogSDtSYBYrre2K2u/PNMo8GgG09RehwVnze70Tw=="
      },
      "SmartAnalyzers.MultithreadingAnalyzer": {
        "type": "Direct",
        "requested": "[1.1.31, )",
        "resolved": "1.1.31",
        "contentHash": "2f2k7bbhDd132ArglCKpzKoWBcp3uzbIFcb4aosnlqIKlfYKDE2HevBVRNVa+LkWFnjXFFWs47Bo96fu8iS//Q=="
      },
      "Apache.Avro": {
        "type": "Transitive",
        "resolved": "1.12.1",
        "contentHash": "OTn0ShyXdMnbJ/1LLNOjvQhwE6Q8LiNtM9B/k51UJa7viuotKhDEnmLIof87XfjUt2UJZFhjF366+B3cKs3k4g==",
        "dependencies": {
          "Newtonsoft.Json": "13.0.1",
          "System.CodeDom": "8.0.0"
        }
      },
      "AvroSchemaGenerator": {
        "type": "Transitive",
        "resolved": "2.9.2",
        "contentHash": "Q1hFxvtVZ7OaQEL2i/D8o0iKVhPAQxyKMspd4I118FDEqkqPPWp1Fm6upyXwRsy9WIDExMH/iRdmInQzlcdtpA==",
        "dependencies": {
          "System.ComponentModel.Annotations": "5.0.0"
        }
      },
      "DerConverter": {
        "type": "Transitive",
        "resolved": "3.0.0.82",
        "contentHash": "6x9+tHjO7IqGtgLlPAc6P1gKGmSl4s5c35M2g6DoOWHWY5RRYRX5LioXD8347Uf4VIuNGoYvRowKiJFHhkkFRA=="
      },
      "FSharp.Core": {
        "type": "Transitive",
        "resolved": "10.1.203",
        "contentHash": "I2MFk72yHqfgI594gKFigq8PVIso0Mh1ZUgG9R4n8gyYQ4IwpBxmvecfjnKA7iMLdVHYULB70PsLwYW/K76gew=="
      },
      "FSharp.UMX": {
        "type": "Transitive",
        "resolved": "1.1.0",
        "contentHash": "0+4w4/yBL5z7w1/k198ooPbfMqkzMSXPRVZEVingnwAdjM//QIFG25eJbB3RtoSQAusBwV5B3VcSudxJejd5Bg==",
        "dependencies": {
          "FSharp.Core": "4.3.4"
        }
      },
      "K4os.Compression.LZ4": {
        "type": "Transitive",
        "resolved": "1.3.6",
        "contentHash": "RxGhoJBjZCgGeZgDqOP4Krs1cR9PHInbz6d2N19Dic0Y6ZACzVKbR3uSpqfEZf4RiUbHk9aiog2eS22nQPTc2A=="
      },
      "libsodium": {
        "type": "Transitive",
        "resolved": "1.0.18.2",
        "contentHash": "flArHoVdscSzyV8ZdPV+bqqY2TTFlaN+xZf/vIqsmHI51KVcD/mOdUPaK3n/k/wGKz8dppiktXUqSmf3AXFgig=="
      },
      "Microsoft.IO.RecyclableMemoryStream": {
        "type": "Transitive",
        "resolved": "3.0.0",
        "contentHash": "irv0HuqoH8Ig5i2fO+8dmDNdFdsrO+DoQcedwIlb810qpZHBNQHZLW7C/AHBQDgLLpw2T96vmMAy/aE4Yj55Sg=="
      },
      "Nito.AsyncEx.Context": {
        "type": "Transitive",
        "resolved": "5.1.2",
        "contentHash": "rMwL7Nj3oNyvFu/jxUzQ/YBobEkM2RQHe+5mpCDRyq6mfD7vCj7Z3rjB6XgpM6Mqcx1CA2xGv0ascU/2Xk8IIg==",
        "dependencies": {
          "Nito.AsyncEx.Tasks": "5.1.2"
        }
      },
      "Nito.AsyncEx.Coordination": {
        "type": "Transitive",
        "resolved": "5.1.2",
        "contentHash": "QMyUfsaxov//0ZMbOHWr9hJaBFteZd66DV1ay4J5wRODDb8+K/uHC7+3VsOflo6SVw/29mu8OWZp8vMDSuzc0w==",
        "dependencies": {
          "Nito.AsyncEx.Tasks": "5.1.2",
          "Nito.Collections.Deque": "1.1.1"
        }
      },
      "Nito.AsyncEx.Interop.WaitHandles": {
        "type": "Transitive",
        "resolved": "5.1.2",
        "contentHash": "qym29lFBCSIacKvFcJDW+beXzuO+6y9lWdd1KecxzzAqtNuvlYgNPwIsxwdhEINLhTT4aDuCM3JalpUZYWI51Q==",
        "dependencies": {
          "Nito.AsyncEx.Tasks": "5.1.2"
        }
      },
      "Nito.AsyncEx.Oop": {
        "type": "Transitive",
        "resolved": "5.1.2",
        "contentHash": "MxQl/NFoPgMApyjbB2fSZBrjdf9r6ODd/BTrWLyJKYX6UeNfw0Ocr0cPiTg2LRN0Ayud8Gj4dh67AdasNn709Q==",
        "dependencies": {
          "Nito.AsyncEx.Coordination": "5.1.2"
        }
      },
      "Nito.AsyncEx.Tasks": {
        "type": "Transitive",
        "resolved": "5.1.2",
        "contentHash": "jEkCfR2/M26OK/U4G7SEN063EU/F4LiVA06TtpZILMdX/quIHCg+wn31Zerl2LC+u1cyFancjTY3cNAr2/89PA==",
        "dependencies": {
          "Nito.Disposables": "2.2.1"
        }
      },
      "Nito.Cancellation": {
        "type": "Transitive",
        "resolved": "1.1.2",
        "contentHash": "Z+SZKp0KxMC6tEVbXe8ah4pBJadyqP0pObQMaZcBavhIDEIsGuxt7PL+B9AiNJD3Ni5VgnZsnii5HPJgVDE81w==",
        "dependencies": {
          "Nito.Disposables": "2.2.1"
        }
      },
      "Nito.Collections.Deque": {
        "type": "Transitive",
        "resolved": "1.1.1",
        "contentHash": "CU0/Iuv5VDynK8I8pDLwkgF0rZhbQoZahtodfL0M3x2gFkpBRApKs8RyMyNlAi1mwExE4gsmqQXk4aFVvW9a4Q=="
      },
      "NSec.Cryptography": {
        "type": "Transitive",
        "resolved": "22.4.0",
        "contentHash": "lEntcPYd7h3aZ8xxi/y/4TML7o8w0GEGqd+w4L1omqFLbdCBmhxJAeO2YBmv/fXbJKgKCQLm7+TD4bR605PEUQ==",
        "dependencies": {
          "libsodium": "[1.0.18.2, 1.0.19)"
        }
      },
      "PemUtils": {
        "type": "Transitive",
        "resolved": "3.0.0.82",
        "contentHash": "LtsJ8LPfBN65+/ONfkJg8ZqcAxm59xRy4o5ocn2m4mAYo0EmmVslZ4SwcAViwfYDPL08Hu/vBbO2qamhtadeyQ==",
        "dependencies": {
          "DerConverter": "3.0.0.82"
        }
      },
      "Pipelines.Sockets.Unofficial": {
        "type": "Transitive",
        "resolved": "2.2.8",
        "contentHash": "zG2FApP5zxSx6OcdJQLbZDk2AVlN2BNQD6MorwIfV6gVj0RRxWPEp2LXAxqDGZqeNV1Zp0BNPcNaey/GXmTdvQ=="
      },
      "protobuf-net": {
        "type": "Transitive",
        "resolved": "3.2.30",
        "contentHash": "C/UTlmxEJHAHpqm8xQK1UyJKaIynVCSNG4mVrbLgnZ7ccH28nN49O8iMJvKEodTgVbnimvy+3mIiAdW6mATwnw==",
        "dependencies": {
          "protobuf-net.Core": "3.2.30"
        }
      },
      "protobuf-net.Core": {
        "type": "Transitive",
        "resolved": "3.2.30",
        "contentHash": "v2ZxxYrz+X212ukSx+uqkLuPu414bvmSAnTyf+PBUKR9ENJxO4P/csorA/27456MCp1JNoMssDj/f91RDiwBfQ=="
      },
      "protobuf-net.Reflection": {
        "type": "Transitive",
        "resolved": "3.2.12",
        "contentHash": "bpNTENWPqP2mx1sJJ5C6qZ2xP+f/E3dQF9MYY+xZ+RHxe3sLg+sPyBSCcJDTCY0e4dVIwQ/02gS8m4tVClDoKQ==",
        "dependencies": {
          "protobuf-net.Core": "3.2.12"
        }
      },
      "System.CodeDom": {
        "type": "Transitive",
        "resolved": "8.0.0",
        "contentHash": "WTlRjL6KWIMr/pAaq3rYqh0TJlzpouaQ/W1eelssHgtlwHAH25jXTkUphTYx9HaIIf7XA6qs/0+YhtLEQRkJ+Q=="
      },
      "System.ComponentModel.Annotations": {
        "type": "Transitive",
        "resolved": "5.0.0",
        "contentHash": "dMkqfy2el8A8/I76n2Hi1oBFEbG1SfxD2l5nhwXV3XjlnOmwxJlQbYpJH4W51odnU9sARCSAgv7S3CyAFMkpYg=="
      },
      "zlib.net-mutliplatform": {
        "type": "Transitive",
        "resolved": "1.0.6",
        "contentHash": "rMGP0xj8X6aj328GR502d8fGa1cug7im5vytrkhOTpJ8J+G/lE78zkofl9TCgwVNt/OwuF1iGDMV/rXZCOuglA=="
      },
      "ZstdNet": {
        "type": "Transitive",
        "resolved": "1.4.5",
        "contentHash": "fi9aP1QY3ZenIMUW1pxdSjku6lYAUjScrwfXSXT1qyKtTdLxOIzeBMe+w/hQm0vMsvQnjcFInByMrIT7AlXUHA=="
      },
      "headless.checks": {
        "type": "Project"
      },
      "headless.commitcoordination.abstractions": {
        "type": "Project"
      },
      "headless.coordination.abstractions": {
        "type": "Project",
        "dependencies": {
          "Headless.Checks": "[1.0.0, )"
        }
      },
      "headless.coordination.core": {
        "type": "Project",
        "dependencies": {
          "FluentValidation": "[12.1.1, )",
          "Headless.Checks": "[1.0.0, )",
          "Headless.Coordination.Abstractions": "[1.0.0, )",
          "Headless.Core": "[1.0.0, )",
          "Headless.Extensions": "[1.0.0, )",
          "Headless.Hosting": "[1.0.0, )",
          "Headless.Serializer.Json": "[1.0.0, )"
        }
      },
      "headless.core": {
        "type": "Project",
        "dependencies": {
          "Headless.Checks": "[1.0.0, )",
          "Headless.Extensions": "[1.0.0, )",
          "Headless.Serializer.Json": "[1.0.0, )",
          "Snappier": "[1.3.1, )"
        }
      },
      "headless.dashboard.authentication": {
        "type": "Project",
        "dependencies": {
          "Headless.Extensions": "[1.0.0, )"
        }
      },
      "headless.distributedlocks.abstractions": {
        "type": "Project",
        "dependencies": {
          "Headless.Checks": "[1.0.0, )",
          "Headless.Extensions": "[1.0.0, )"
        }
      },
      "headless.extensions": {
        "type": "Project",
        "dependencies": {
          "CommunityToolkit.HighPerformance": "[8.4.2, )",
          "Headless.Checks": "[1.0.0, )",
          "Headless.Generator.Primitives.Abstractions": "[1.0.0, )",
          "Humanizer.Core": "[3.0.10, )",
          "Microsoft.Bcl.TimeProvider": "[10.0.9, )",
          "Nito.AsyncEx": "[5.1.2, )",
          "Nito.Disposables": "[2.5.0, )",
          "Polly.Core": "[8.7.0, )",
          "System.Reactive": "[6.1.0, )",
          "TimeZoneConverter": "[7.2.0, )",
          "libphonenumber-csharp": "[9.0.34, )",
          "morelinq": "[4.4.0, )"
        }
      },
      "headless.fluentvalidation": {
        "type": "Project",
        "dependencies": {
          "FluentValidation": "[12.1.1, )",
          "Headless.Extensions": "[1.0.0, )",
          "libphonenumber-csharp": "[9.0.34, )"
        }
      },
      "headless.generator.primitives.abstractions": {
        "type": "Project"
      },
      "headless.hosting": {
        "type": "Project",
        "dependencies": {
          "Headless.FluentValidation": "[1.0.0, )"
        }
      },
      "headless.messaging.abstractions": {
        "type": "Project",
        "dependencies": {
          "Headless.Checks": "[1.0.0, )"
        }
      },
      "headless.messaging.bus.abstractions": {
        "type": "Project",
        "dependencies": {
          "Headless.Messaging.Abstractions": "[1.0.0, )"
        }
      },
      "headless.messaging.core": {
        "type": "Project",
        "dependencies": {
          "FastExpressionCompiler": "[5.4.1, )",
          "Headless.CommitCoordination.Abstractions": "[1.0.0, )",
          "Headless.Coordination.Abstractions": "[1.0.0, )",
          "Headless.Coordination.Core": "[1.0.0, )",
          "Headless.Core": "[1.0.0, )",
          "Headless.DistributedLocks.Abstractions": "[1.0.0, )",
          "Headless.Extensions": "[1.0.0, )",
          "Headless.Hosting": "[1.0.0, )",
          "Headless.Messaging.Abstractions": "[1.0.0, )",
          "Headless.Messaging.Bus.Abstractions": "[1.0.0, )",
          "Headless.Messaging.Queue.Abstractions": "[1.0.0, )",
          "Headless.MultiTenancy": "[1.0.0, )"
        }
      },
      "headless.messaging.dashboard": {
        "type": "Project",
        "dependencies": {
          "Consul": "[1.8.0, )",
          "Headless.Dashboard.Authentication": "[1.0.0, )",
          "Headless.Messaging.Core": "[1.0.0, )"
        }
      },
      "headless.messaging.inmemorystorage": {
        "type": "Project",
        "dependencies": {
          "Headless.Messaging.Core": "[1.0.0, )"
        }
      },
      "headless.messaging.pulsar": {
        "type": "Project",
        "dependencies": {
          "Headless.Messaging.Bus.Abstractions": "[1.0.0, )",
          "Headless.Messaging.Core": "[1.0.0, )",
          "Headless.Messaging.Queue.Abstractions": "[1.0.0, )",
          "Pulsar.Client": "[3.16.0, )"
        }
      },
      "headless.messaging.queue.abstractions": {
        "type": "Project",
        "dependencies": {
          "Headless.Messaging.Abstractions": "[1.0.0, )"
        }
      },
      "headless.multitenancy": {
        "type": "Project",
        "dependencies": {
          "Headless.Checks": "[1.0.0, )"
        }
      },
      "headless.serializer.abstractions": {
        "type": "Project"
      },
      "headless.serializer.json": {
        "type": "Project",
        "dependencies": {
          "Headless.Serializer.Abstractions": "[1.0.0, )"
        }
      },
      "CommunityToolkit.HighPerformance": {
        "type": "CentralTransitive",
        "requested": "[8.4.2, )",
        "resolved": "8.4.2",
        "contentHash": "2hmtrrU18x6NL3mbuAqwy0KpnoEEJOuK6sH5RKQfD/jHijn2pqvqBUC7WGy9dgNBL9BDA7eOC0kirsNPMp2f4Q=="
      },
      "Consul": {
        "type": "CentralTransitive",
        "requested": "[1.8.0, )",
        "resolved": "1.8.0",
        "contentHash": "flKNz6Swyt+pYBJ5dekN1X6PJYUaeNAaNC0dAWhudTd0t2vR34G0QXmr5KyApI7OP1rGMwY3xx133Dc9IvOS6Q==",
        "dependencies": {
          "Newtonsoft.Json": "13.0.1"
        }
      },
      "FastExpressionCompiler": {
        "type": "CentralTransitive",
        "requested": "[5.4.1, )",
        "resolved": "5.4.1",
        "contentHash": "nqMykMspK5cQd35Y8ulQzAujxCcCwZVUne32pC5xNpXqrbPCuKOPMWkKHJ3LveAZPm6dsVvump0TJ1SZ9RzfTQ=="
      },
      "FluentValidation": {
        "type": "CentralTransitive",
        "requested": "[12.1.1, )",
        "resolved": "12.1.1",
        "contentHash": "EPpkIe1yh1a0OXyC100oOA8WMbZvqUu5plwhvYcb7oSELfyUZzfxV48BLhvs3kKo4NwG7MGLNgy1RJiYtT8Dpw=="
      },
      "Humanizer.Core": {
        "type": "CentralTransitive",
        "requested": "[3.0.10, )",
        "resolved": "3.0.10",
        "contentHash": "yZIhtw8sYuvsONzQbZxWpR60tMWYHXoo0DL6nyOqSFiU5POjBTSEyWFpTQtJEZuy+oqiYTXKXY/Mjx7KnqIQFw=="
      },
      "libphonenumber-csharp": {
        "type": "CentralTransitive",
        "requested": "[9.0.34, )",
        "resolved": "9.0.34",
        "contentHash": "QmwQQk2ca/E3qyTTwmTnIoNj2sQ8daRWBQt4+6bkNkDyHgCjgggNGgvFqS6Gm9HQ1EbYkyKn58RjUC2jVM+RQw=="
      },
      "Microsoft.Bcl.TimeProvider": {
        "type": "CentralTransitive",
        "requested": "[10.0.9, )",
        "resolved": "10.0.9",
        "contentHash": "jCmHpoCeNbyjj71mnex2+fsCWtQINKrv8IL5xnuskQN8vQb5UA8ac+rWbt/jHeiSoH5gVlA8o20+XmWRKJuJWQ=="
      },
      "morelinq": {
        "type": "CentralTransitive",
        "requested": "[4.4.0, )",
        "resolved": "4.4.0",
        "contentHash": "QX3bsK9oFeUXk8tFsc9NkI6NnCr8Ar/ex027p+ZZ/jdLCdX2RlryDtxUqZW5j45NVwn4E4Z4hzupsoMQd6Yxtg=="
      },
      "Newtonsoft.Json": {
        "type": "CentralTransitive",
        "requested": "[13.0.4, )",
        "resolved": "13.0.4",
        "contentHash": "pdgNNMai3zv51W5aq268sujXUyx7SNdE2bj1wZcWjAQrKMFZV260lbqYop1d2GM67JI1huLRwxo9ZqnfF/lC6A=="
      },
      "Nito.AsyncEx": {
        "type": "CentralTransitive",
        "requested": "[5.1.2, )",
        "resolved": "5.1.2",
        "contentHash": "hq+N63M/2znx2z1VzvPDHNg+HIWKdIloEZre+P7E0O+2iRf1Q4HBOgeiJU6SzFD/fWoyKyKSSSrekk4RgiXaeQ==",
        "dependencies": {
          "Nito.AsyncEx.Context": "5.1.2",
          "Nito.AsyncEx.Coordination": "5.1.2",
          "Nito.AsyncEx.Interop.WaitHandles": "5.1.2",
          "Nito.AsyncEx.Oop": "5.1.2",
          "Nito.AsyncEx.Tasks": "5.1.2",
          "Nito.Cancellation": "1.1.2"
        }
      },
      "Nito.Disposables": {
        "type": "CentralTransitive",
        "requested": "[2.5.0, )",
        "resolved": "2.5.0",
        "contentHash": "l0OuzZ2T/botMbOvPGY6yp3v+69aMrt+wzST/tFdGnHEFVXbbdOFxu3bfo9XH1N1H0LCQlA3RmFvlPO8zA+faw=="
      },
      "Polly.Core": {
        "type": "CentralTransitive",
        "requested": "[8.7.0, )",
        "resolved": "8.7.0",
        "contentHash": "BS2t+nsBer16PIebCEPNBK5fgMisADQyRCd7K+BgkMWpFmSaiYE+rVVNpFhGRqUkJmNSLmw0uCNzHHWfgml28Q=="
      },
      "Pulsar.Client": {
        "type": "CentralTransitive",
        "requested": "[3.16.0, )",
        "resolved": "3.16.0",
        "contentHash": "9T358up27KvDS0AULZWIJK8z1SEiCBKSaJM6m4LDidsJ74xgfNNGI7MwU/pq11Eu4uF8ToIP4x3xFiBF2NfJpQ==",
        "dependencies": {
          "Apache.Avro": "1.12.1",
          "AvroSchemaGenerator": "2.9.2",
          "FSharp.Core": "10.1.203",
          "FSharp.UMX": "1.1.0",
          "K4os.Compression.LZ4": "1.3.6",
          "Microsoft.IO.RecyclableMemoryStream": "3.0.0",
          "NSec.Cryptography": "22.4.0",
          "PemUtils": "3.0.0.82",
          "Pipelines.Sockets.Unofficial": "2.2.8",
          "Snappier": "1.3.1",
          "ZstdNet": "1.4.5",
          "protobuf-net": "3.2.30",
          "protobuf-net.Reflection": "3.2.12",
          "zlib.net-mutliplatform": "1.0.6"
        }
      },
      "Snappier": {
        "type": "CentralTransitive",
        "requested": "[1.3.1, )",
        "resolved": "1.3.1",
        "contentHash": "DOdDQiO8YZ5rBtVLY+6CmR1yp9WYoJRgEEktPBrR0tEj9QO2djA/zv0O3DX0OZpEAfosbY8pytQ9tQUogwQsEA=="
      },
      "System.Reactive": {
        "type": "CentralTransitive",
        "requested": "[6.1.0, )",
        "resolved": "6.1.0",
        "contentHash": "M5cCC1ZMkZr9jbSQGTHnVkb5TDN67qWCV7AP8TAHdGkvDlu0puT5NzemESNn9+HkYIDpWpocP68/i+/ame2/2w=="
      },
      "TimeZoneConverter": {
        "type": "CentralTransitive",
        "requested": "[7.2.0, )",
        "resolved": "7.2.0",
        "contentHash": "4Poqu79dTmacVETqUJ53g3x4U21V/cmWPSlehdsVE4Q00akavvlRq+SRjcg/CmfO9ibOCjRl6TeUV7hkC5RC4w=="
      }
    }
  }
}